// !$*UTF8*$!
{
	archiveVersion = 1;
	classes = {
	};
	objectVersion = 52;
	objects = {

/* Begin PBXBuildFile section */
		360BBCC6235B9F520011660B /* Int64+Selection.swift in Sources */ = {isa = PBXBuildFile; fileRef = 360BBCC5235B9F520011660B /* Int64+Selection.swift */; };
		361F48FA235920E200286B65 /* AppResponder.swift in Sources */ = {isa = PBXBuildFile; fileRef = 361F48F9235920E200286B65 /* AppResponder.swift */; };
		361F48FE235963A200286B65 /* ClassroomList.swift in Sources */ = {isa = PBXBuildFile; fileRef = 361F48FD235963A200286B65 /* ClassroomList.swift */; };
		361F4900235963BE00286B65 /* ClassroomInfo.swift in Sources */ = {isa = PBXBuildFile; fileRef = 361F48FF235963BE00286B65 /* ClassroomInfo.swift */; };
		361F4902235967FD00286B65 /* ViewResponder.swift in Sources */ = {isa = PBXBuildFile; fileRef = 361F4901235967FD00286B65 /* ViewResponder.swift */; };
		361F4907235B431300286B65 /* DarkHostingController.swift in Sources */ = {isa = PBXBuildFile; fileRef = 361F4906235B431300286B65 /* DarkHostingController.swift */; };
		362C6052239D7D1B00FBF0CC /* String+AsEmpty.swift in Sources */ = {isa = PBXBuildFile; fileRef = 362C6051239D7D1B00FBF0CC /* String+AsEmpty.swift */; };
		36568EE7235B6BB70063B1CA /* ScheduleEditor.swift in Sources */ = {isa = PBXBuildFile; fileRef = 36568EE6235B6BB70063B1CA /* ScheduleEditor.swift */; };
		3656FBA0239DC27200D28A36 /* Localizable.strings in Resources */ = {isa = PBXBuildFile; fileRef = 3656FBA2239DC27200D28A36 /* Localizable.strings */; };
		365D02492387589C00FCECCC /* Scheduler.swift in Sources */ = {isa = PBXBuildFile; fileRef = 365D02482387589C00FCECCC /* Scheduler.swift */; };
		367FCB5023538F870004275F /* Classrooms.swift in Sources */ = {isa = PBXBuildFile; fileRef = 367FCB4F23538F870004275F /* Classrooms.swift */; };
		367FCB72235391910004275F /* SceneDelegate.swift in Sources */ = {isa = PBXBuildFile; fileRef = 367FCB71235391910004275F /* SceneDelegate.swift */; };
		36827F2D238AD90700722D4A /* SchedulerTests.swift in Sources */ = {isa = PBXBuildFile; fileRef = 36827F2C238AD90700722D4A /* SchedulerTests.swift */; };
		36827F2F239453B000722D4A /* ScheduleObserver.swift in Sources */ = {isa = PBXBuildFile; fileRef = 36827F2E239453B000722D4A /* ScheduleObserver.swift */; };
		36827F312399B8E900722D4A /* TimeIntervalLabel.swift in Sources */ = {isa = PBXBuildFile; fileRef = 36827F302399B8E900722D4A /* TimeIntervalLabel.swift */; };
		36A5BAEC239DCC9C00999198 /* AppKitGlue.swift in Sources */ = {isa = PBXBuildFile; fileRef = 36A5BAEB239DCC9C00999198 /* AppKitGlue.swift */; };
		36A5BAEE239DCCDC00999198 /* JottsAppKitGlue.bundle in Embed PlugIns */ = {isa = PBXBuildFile; fileRef = 36A5BAE5239DCBD200999198 /* JottsAppKitGlue.bundle */; platformFilter = maccatalyst; settings = {ATTRIBUTES = (CodeSignOnCopy, RemoveHeadersOnCopy, ); }; };
		36C7A96823A53D8C008577E0 /* Introspect in Frameworks */ = {isa = PBXBuildFile; productRef = 36C7A96723A53D8C008577E0 /* Introspect */; };
		36D598232378AAE000F781D6 /* SessionEditor.swift in Sources */ = {isa = PBXBuildFile; fileRef = 36D598222378AAE000F781D6 /* SessionEditor.swift */; };
		36D705E823A542A900F22955 /* Colors.swift in Sources */ = {isa = PBXBuildFile; fileRef = 36D705E723A542A900F22955 /* Colors.swift */; };
		5C5182CC0DF9EC42A653BE60 /* UIColor+FromHex.swift in Sources */ = {isa = PBXBuildFile; fileRef = 5C5185079B1BA7099A5F01A3 /* UIColor+FromHex.swift */; };
		5C51831AA8755B5555B08AD5 /* Date+Midnight.swift in Sources */ = {isa = PBXBuildFile; fileRef = 5C518B3AE786F1A12A569319 /* Date+Midnight.swift */; };
		FA8537681BD2A8FA006C9FD3 /* LaunchScreen.storyboard in Resources */ = {isa = PBXBuildFile; fileRef = FAAFE7601BD2A7AC0002B5A4 /* LaunchScreen.storyboard */; };
		FAAFE7531BD2A7AC0002B5A4 /* AppDelegate.swift in Sources */ = {isa = PBXBuildFile; fileRef = FAAFE7521BD2A7AC0002B5A4 /* AppDelegate.swift */; };
		FAAFE75F1BD2A7AC0002B5A4 /* Assets.xcassets in Resources */ = {isa = PBXBuildFile; fileRef = FAAFE75E1BD2A7AC0002B5A4 /* Assets.xcassets */; };
		FAC61FC11BD2B3D900FD973C /* Jotts.xcdatamodeld in Sources */ = {isa = PBXBuildFile; fileRef = FAC61FBF1BD2B3D900FD973C /* Jotts.xcdatamodeld */; };
/* End PBXBuildFile section */

/* Begin PBXContainerItemProxy section */
		36A5BAEF239DCCDC00999198 /* PBXContainerItemProxy */ = {
			isa = PBXContainerItemProxy;
			containerPortal = FAAFE7471BD2A7AC0002B5A4 /* Project object */;
			proxyType = 1;
			remoteGlobalIDString = 36A5BAE4239DCBD200999198;
			remoteInfo = JottsAppKitGlue;
		};
		FAAFE7691BD2A7AC0002B5A4 /* PBXContainerItemProxy */ = {
			isa = PBXContainerItemProxy;
			containerPortal = FAAFE7471BD2A7AC0002B5A4 /* Project object */;
			proxyType = 1;
			remoteGlobalIDString = FAAFE74E1BD2A7AC0002B5A4;
			remoteInfo = Jotts;
		};
/* End PBXContainerItemProxy section */

/* Begin PBXCopyFilesBuildPhase section */
		36A5BAF1239DCCDD00999198 /* Embed PlugIns */ = {
			isa = PBXCopyFilesBuildPhase;
			buildActionMask = 2147483647;
			dstPath = "";
			dstSubfolderSpec = 13;
			files = (
				36A5BAEE239DCCDC00999198 /* JottsAppKitGlue.bundle in Embed PlugIns */,
			);
			name = "Embed PlugIns";
			runOnlyForDeploymentPostprocessing = 0;
		};
/* End PBXCopyFilesBuildPhase section */

/* Begin PBXFileReference section */
		360A21E523538277008DF1C4 /* Jotts.entitlements */ = {isa = PBXFileReference; lastKnownFileType = text.plist.entitlements; path = Jotts.entitlements; sourceTree = "<group>"; };
		360BBCC5235B9F520011660B /* Int64+Selection.swift */ = {isa = PBXFileReference; lastKnownFileType = sourcecode.swift; path = "Int64+Selection.swift"; sourceTree = "<group>"; };
		361F48F9235920E200286B65 /* AppResponder.swift */ = {isa = PBXFileReference; lastKnownFileType = sourcecode.swift; path = AppResponder.swift; sourceTree = "<group>"; };
		361F48FD235963A200286B65 /* ClassroomList.swift */ = {isa = PBXFileReference; lastKnownFileType = sourcecode.swift; path = ClassroomList.swift; sourceTree = "<group>"; };
		361F48FF235963BE00286B65 /* ClassroomInfo.swift */ = {isa = PBXFileReference; lastKnownFileType = sourcecode.swift; path = ClassroomInfo.swift; sourceTree = "<group>"; };
		361F4901235967FD00286B65 /* ViewResponder.swift */ = {isa = PBXFileReference; lastKnownFileType = sourcecode.swift; path = ViewResponder.swift; sourceTree = "<group>"; };
		361F4906235B431300286B65 /* DarkHostingController.swift */ = {isa = PBXFileReference; lastKnownFileType = sourcecode.swift; path = DarkHostingController.swift; sourceTree = "<group>"; };
		362C6050239D651100FBF0CC /* Gemfile */ = {isa = PBXFileReference; lastKnownFileType = text; path = Gemfile; sourceTree = "<group>"; };
		362C6051239D7D1B00FBF0CC /* String+AsEmpty.swift */ = {isa = PBXFileReference; lastKnownFileType = sourcecode.swift; path = "String+AsEmpty.swift"; sourceTree = "<group>"; };
		362C6057239D800D00FBF0CC /* Appfile */ = {isa = PBXFileReference; lastKnownFileType = text; path = Appfile; sourceTree = "<group>"; };
		362C6058239D800D00FBF0CC /* Fastfile */ = {isa = PBXFileReference; lastKnownFileType = text; path = Fastfile; sourceTree = "<group>"; };
		362C6059239D800D00FBF0CC /* README.md */ = {isa = PBXFileReference; lastKnownFileType = net.daringfireball.markdown; path = README.md; sourceTree = "<group>"; };
		36568EE6235B6BB70063B1CA /* ScheduleEditor.swift */ = {isa = PBXFileReference; lastKnownFileType = sourcecode.swift; path = ScheduleEditor.swift; sourceTree = "<group>"; };
		365D02482387589C00FCECCC /* Scheduler.swift */ = {isa = PBXFileReference; lastKnownFileType = sourcecode.swift; path = Scheduler.swift; sourceTree = "<group>"; };
		367FCB4F23538F870004275F /* Classrooms.swift */ = {isa = PBXFileReference; lastKnownFileType = sourcecode.swift; path = Classrooms.swift; sourceTree = "<group>"; };
		367FCB71235391910004275F /* SceneDelegate.swift */ = {isa = PBXFileReference; lastKnownFileType = sourcecode.swift; path = SceneDelegate.swift; sourceTree = "<group>"; };
		36827F2C238AD90700722D4A /* SchedulerTests.swift */ = {isa = PBXFileReference; lastKnownFileType = sourcecode.swift; path = SchedulerTests.swift; sourceTree = "<group>"; };
		36827F2E239453B000722D4A /* ScheduleObserver.swift */ = {isa = PBXFileReference; lastKnownFileType = sourcecode.swift; path = ScheduleObserver.swift; sourceTree = "<group>"; };
		36827F302399B8E900722D4A /* TimeIntervalLabel.swift */ = {isa = PBXFileReference; lastKnownFileType = sourcecode.swift; path = TimeIntervalLabel.swift; sourceTree = "<group>"; };
		36A5BAE5239DCBD200999198 /* JottsAppKitGlue.bundle */ = {isa = PBXFileReference; explicitFileType = wrapper.cfbundle; includeInIndex = 0; path = JottsAppKitGlue.bundle; sourceTree = BUILT_PRODUCTS_DIR; };
		36A5BAE7239DCBD200999198 /* Info.plist */ = {isa = PBXFileReference; lastKnownFileType = text.plist.xml; path = Info.plist; sourceTree = "<group>"; };
		36A5BAEB239DCC9C00999198 /* AppKitGlue.swift */ = {isa = PBXFileReference; lastKnownFileType = sourcecode.swift; path = AppKitGlue.swift; sourceTree = "<group>"; };
		36A5BAF5239DD34F00999198 /* AppKitActions.h */ = {isa = PBXFileReference; lastKnownFileType = sourcecode.c.h; path = AppKitActions.h; sourceTree = "<group>"; };
		36A5BAF9239DD41100999198 /* Jotts-Bridging-Header.h */ = {isa = PBXFileReference; lastKnownFileType = sourcecode.c.h; path = "Jotts-Bridging-Header.h"; sourceTree = "<group>"; };
		36D598222378AAE000F781D6 /* SessionEditor.swift */ = {isa = PBXFileReference; lastKnownFileType = sourcecode.swift; path = SessionEditor.swift; sourceTree = "<group>"; };
		36D705E723A542A900F22955 /* Colors.swift */ = {isa = PBXFileReference; lastKnownFileType = sourcecode.swift; path = Colors.swift; sourceTree = "<group>"; };
		36E37C38239DC49600970C0B /* Base */ = {isa = PBXFileReference; lastKnownFileType = text.plist.strings; name = Base; path = Base.lproj/Localizable.strings; sourceTree = "<group>"; };
		5C5185079B1BA7099A5F01A3 /* UIColor+FromHex.swift */ = {isa = PBXFileReference; fileEncoding = 4; lastKnownFileType = sourcecode.swift; path = "UIColor+FromHex.swift"; sourceTree = "<group>"; };
		5C518B3AE786F1A12A569319 /* Date+Midnight.swift */ = {isa = PBXFileReference; fileEncoding = 4; lastKnownFileType = sourcecode.swift; path = "Date+Midnight.swift"; sourceTree = "<group>"; };
		FAAFE74F1BD2A7AC0002B5A4 /* Jotts.app */ = {isa = PBXFileReference; explicitFileType = wrapper.application; includeInIndex = 0; path = Jotts.app; sourceTree = BUILT_PRODUCTS_DIR; };
		FAAFE7521BD2A7AC0002B5A4 /* AppDelegate.swift */ = {isa = PBXFileReference; lastKnownFileType = sourcecode.swift; path = AppDelegate.swift; sourceTree = "<group>"; };
		FAAFE75E1BD2A7AC0002B5A4 /* Assets.xcassets */ = {isa = PBXFileReference; lastKnownFileType = folder.assetcatalog; path = Assets.xcassets; sourceTree = "<group>"; };
		FAAFE7611BD2A7AC0002B5A4 /* Base */ = {isa = PBXFileReference; lastKnownFileType = file.storyboard; name = Base; path = Base.lproj/LaunchScreen.storyboard; sourceTree = "<group>"; };
		FAAFE7631BD2A7AC0002B5A4 /* Info.plist */ = {isa = PBXFileReference; lastKnownFileType = text.plist.xml; path = Info.plist; sourceTree = "<group>"; };
		FAAFE7681BD2A7AC0002B5A4 /* JottsTests.xctest */ = {isa = PBXFileReference; explicitFileType = wrapper.cfbundle; includeInIndex = 0; path = JottsTests.xctest; sourceTree = BUILT_PRODUCTS_DIR; };
		FAAFE76E1BD2A7AC0002B5A4 /* Info.plist */ = {isa = PBXFileReference; lastKnownFileType = text.plist.xml; path = Info.plist; sourceTree = "<group>"; };
		FAC61FC01BD2B3D900FD973C /* Jotts.xcdatamodel */ = {isa = PBXFileReference; lastKnownFileType = wrapper.xcdatamodel; path = Jotts.xcdatamodel; sourceTree = "<group>"; };
/* End PBXFileReference section */

/* Begin PBXFrameworksBuildPhase section */
		36A5BAE2239DCBD200999198 /* Frameworks */ = {
			isa = PBXFrameworksBuildPhase;
			buildActionMask = 2147483647;
			files = (
			);
			runOnlyForDeploymentPostprocessing = 0;
		};
		FAAFE74C1BD2A7AC0002B5A4 /* Frameworks */ = {
			isa = PBXFrameworksBuildPhase;
			buildActionMask = 2147483647;
			files = (
				36C7A96823A53D8C008577E0 /* Introspect in Frameworks */,
			);
			runOnlyForDeploymentPostprocessing = 0;
		};
		FAAFE7651BD2A7AC0002B5A4 /* Frameworks */ = {
			isa = PBXFrameworksBuildPhase;
			buildActionMask = 2147483647;
			files = (
			);
			runOnlyForDeploymentPostprocessing = 0;
		};
/* End PBXFrameworksBuildPhase section */

/* Begin PBXGroup section */
		361F4903235B3BCA00286B65 /* Styles */ = {
			isa = PBXGroup;
			children = (
				361F4901235967FD00286B65 /* ViewResponder.swift */,
				361F4906235B431300286B65 /* DarkHostingController.swift */,
				36827F302399B8E900722D4A /* TimeIntervalLabel.swift */,
				36D705E723A542A900F22955 /* Colors.swift */,
			);
			path = Styles;
			sourceTree = "<group>";
		};
		362C6053239D800D00FBF0CC /* fastlane */ = {
			isa = PBXGroup;
			children = (
				362C6057239D800D00FBF0CC /* Appfile */,
				362C6058239D800D00FBF0CC /* Fastfile */,
				362C6059239D800D00FBF0CC /* README.md */,
			);
			path = fastlane;
			sourceTree = "<group>";
		};
		367FCB4E23538F750004275F /* UI */ = {
			isa = PBXGroup;
			children = (
				367FCB71235391910004275F /* SceneDelegate.swift */,
				361F4903235B3BCA00286B65 /* Styles */,
				367FCB4F23538F870004275F /* Classrooms.swift */,
				361F48FD235963A200286B65 /* ClassroomList.swift */,
				361F48FF235963BE00286B65 /* ClassroomInfo.swift */,
				36568EE6235B6BB70063B1CA /* ScheduleEditor.swift */,
				36D598222378AAE000F781D6 /* SessionEditor.swift */,
			);
			path = UI;
			sourceTree = "<group>";
		};
		36A5BAE6239DCBD200999198 /* JottsAppKitGlue */ = {
			isa = PBXGroup;
			children = (
				36A5BAE7239DCBD200999198 /* Info.plist */,
				36A5BAEB239DCC9C00999198 /* AppKitGlue.swift */,
			);
			path = JottsAppKitGlue;
			sourceTree = "<group>";
		};
		36A5BAED239DCCDC00999198 /* Frameworks */ = {
			isa = PBXGroup;
			children = (
			);
			name = Frameworks;
			sourceTree = "<group>";
		};
		FAA5E87A1BDBDBF9004DE3FC /* Extensions */ = {
			isa = PBXGroup;
			children = (
				5C5185079B1BA7099A5F01A3 /* UIColor+FromHex.swift */,
				5C518B3AE786F1A12A569319 /* Date+Midnight.swift */,
				360BBCC5235B9F520011660B /* Int64+Selection.swift */,
				362C6051239D7D1B00FBF0CC /* String+AsEmpty.swift */,
			);
			path = Extensions;
			sourceTree = "<group>";
		};
		FAAFE7461BD2A7AC0002B5A4 = {
			isa = PBXGroup;
			children = (
				362C6050239D651100FBF0CC /* Gemfile */,
				362C6053239D800D00FBF0CC /* fastlane */,
				FAAFE7511BD2A7AC0002B5A4 /* Jotts */,
				36A5BAE6239DCBD200999198 /* JottsAppKitGlue */,
				FAAFE76B1BD2A7AC0002B5A4 /* JottsTests */,
				FAAFE7501BD2A7AC0002B5A4 /* Products */,
				36A5BAED239DCCDC00999198 /* Frameworks */,
			);
			sourceTree = "<group>";
		};
		FAAFE7501BD2A7AC0002B5A4 /* Products */ = {
			isa = PBXGroup;
			children = (
				FAAFE74F1BD2A7AC0002B5A4 /* Jotts.app */,
				FAAFE7681BD2A7AC0002B5A4 /* JottsTests.xctest */,
				36A5BAE5239DCBD200999198 /* JottsAppKitGlue.bundle */,
			);
			name = Products;
			sourceTree = "<group>";
		};
		FAAFE7511BD2A7AC0002B5A4 /* Jotts */ = {
			isa = PBXGroup;
			children = (
				36A5BAF9239DD41100999198 /* Jotts-Bridging-Header.h */,
				360A21E523538277008DF1C4 /* Jotts.entitlements */,
				FAC61FBB1BD2B36B00FD973C /* Data */,
				367FCB4E23538F750004275F /* UI */,
				FAC61FAF1BD2AC5A00FD973C /* Resources */,
			);
			name = Jotts;
			sourceTree = "<group>";
		};
		FAAFE76B1BD2A7AC0002B5A4 /* JottsTests */ = {
			isa = PBXGroup;
			children = (
				36827F2C238AD90700722D4A /* SchedulerTests.swift */,
				FAAFE76E1BD2A7AC0002B5A4 /* Info.plist */,
			);
			path = JottsTests;
			sourceTree = "<group>";
		};
		FAC61FAF1BD2AC5A00FD973C /* Resources */ = {
			isa = PBXGroup;
			children = (
				3656FBA2239DC27200D28A36 /* Localizable.strings */,
				FAAFE7601BD2A7AC0002B5A4 /* LaunchScreen.storyboard */,
				FAAFE75E1BD2A7AC0002B5A4 /* Assets.xcassets */,
				FAAFE7631BD2A7AC0002B5A4 /* Info.plist */,
			);
			path = Resources;
			sourceTree = "<group>";
		};
		FAC61FBB1BD2B36B00FD973C /* Data */ = {
			isa = PBXGroup;
			children = (
				FAAFE7521BD2A7AC0002B5A4 /* AppDelegate.swift */,
				36A5BAF5239DD34F00999198 /* AppKitActions.h */,
				FAC61FBF1BD2B3D900FD973C /* Jotts.xcdatamodeld */,
				FAA5E87A1BDBDBF9004DE3FC /* Extensions */,
				361F48F9235920E200286B65 /* AppResponder.swift */,
				365D02482387589C00FCECCC /* Scheduler.swift */,
				36827F2E239453B000722D4A /* ScheduleObserver.swift */,
			);
			path = Data;
			sourceTree = "<group>";
		};
/* End PBXGroup section */

/* Begin PBXNativeTarget section */
		36A5BAE4239DCBD200999198 /* JottsAppKitGlue */ = {
			isa = PBXNativeTarget;
			buildConfigurationList = 36A5BAEA239DCBD200999198 /* Build configuration list for PBXNativeTarget "JottsAppKitGlue" */;
			buildPhases = (
				36A5BAE1239DCBD200999198 /* Sources */,
				36A5BAE2239DCBD200999198 /* Frameworks */,
				36A5BAE3239DCBD200999198 /* Resources */,
			);
			buildRules = (
			);
			dependencies = (
			);
			name = JottsAppKitGlue;
			productName = JottsAppKitGlue;
			productReference = 36A5BAE5239DCBD200999198 /* JottsAppKitGlue.bundle */;
			productType = "com.apple.product-type.bundle";
		};
		FAAFE74E1BD2A7AC0002B5A4 /* Jotts */ = {
			isa = PBXNativeTarget;
			buildConfigurationList = FAAFE77C1BD2A7AC0002B5A4 /* Build configuration list for PBXNativeTarget "Jotts" */;
			buildPhases = (
				FAAFE74B1BD2A7AC0002B5A4 /* Sources */,
				FAAFE74C1BD2A7AC0002B5A4 /* Frameworks */,
				FAAFE74D1BD2A7AC0002B5A4 /* Resources */,
				36A5BAF1239DCCDD00999198 /* Embed PlugIns */,
			);
			buildRules = (
			);
			dependencies = (
				36A5BAF0239DCCDC00999198 /* PBXTargetDependency */,
			);
			name = Jotts;
			packageProductDependencies = (
				36C7A96723A53D8C008577E0 /* Introspect */,
			);
			productName = Jotts;
			productReference = FAAFE74F1BD2A7AC0002B5A4 /* Jotts.app */;
			productType = "com.apple.product-type.application";
		};
		FAAFE7671BD2A7AC0002B5A4 /* JottsTests */ = {
			isa = PBXNativeTarget;
			buildConfigurationList = FAAFE77F1BD2A7AC0002B5A4 /* Build configuration list for PBXNativeTarget "JottsTests" */;
			buildPhases = (
				FAAFE7641BD2A7AC0002B5A4 /* Sources */,
				FAAFE7651BD2A7AC0002B5A4 /* Frameworks */,
				FAAFE7661BD2A7AC0002B5A4 /* Resources */,
			);
			buildRules = (
			);
			dependencies = (
				FAAFE76A1BD2A7AC0002B5A4 /* PBXTargetDependency */,
			);
			name = JottsTests;
			productName = JottsTests;
			productReference = FAAFE7681BD2A7AC0002B5A4 /* JottsTests.xctest */;
			productType = "com.apple.product-type.bundle.unit-test";
		};
/* End PBXNativeTarget section */

/* Begin PBXProject section */
		FAAFE7471BD2A7AC0002B5A4 /* Project object */ = {
			isa = PBXProject;
			attributes = {
				LastSwiftUpdateCheck = 0710;
				LastUpgradeCheck = 1110;
				ORGANIZATIONNAME = "Hank Brekke";
				TargetAttributes = {
					36A5BAE4239DCBD200999198 = {
						CreatedOnToolsVersion = 11.2.1;
						LastSwiftMigration = 1120;
					};
					FAAFE74E1BD2A7AC0002B5A4 = {
						CreatedOnToolsVersion = 7.0.1;
						DevelopmentTeam = 8984CRB38G;
						LastSwiftMigration = 1120;
					};
					FAAFE7671BD2A7AC0002B5A4 = {
						CreatedOnToolsVersion = 7.0.1;
						LastSwiftMigration = 1120;
						TestTargetID = FAAFE74E1BD2A7AC0002B5A4;
					};
				};
			};
			buildConfigurationList = FAAFE74A1BD2A7AC0002B5A4 /* Build configuration list for PBXProject "Jotts" */;
			compatibilityVersion = "Xcode 10.0";
			developmentRegion = en;
			hasScannedForEncodings = 0;
			knownRegions = (
				en,
				Base,
			);
			mainGroup = FAAFE7461BD2A7AC0002B5A4;
			packageReferences = (
				36C7A96623A53D8C008577E0 /* XCRemoteSwiftPackageReference "SwiftUI-Introspect" */,
			);
			productRefGroup = FAAFE7501BD2A7AC0002B5A4 /* Products */;
			projectDirPath = "";
			projectRoot = "";
			targets = (
				FAAFE74E1BD2A7AC0002B5A4 /* Jotts */,
				FAAFE7671BD2A7AC0002B5A4 /* JottsTests */,
				36A5BAE4239DCBD200999198 /* JottsAppKitGlue */,
			);
		};
/* End PBXProject section */

/* Begin PBXResourcesBuildPhase section */
		36A5BAE3239DCBD200999198 /* Resources */ = {
			isa = PBXResourcesBuildPhase;
			buildActionMask = 2147483647;
			files = (
			);
			runOnlyForDeploymentPostprocessing = 0;
		};
		FAAFE74D1BD2A7AC0002B5A4 /* Resources */ = {
			isa = PBXResourcesBuildPhase;
			buildActionMask = 2147483647;
			files = (
				FA8537681BD2A8FA006C9FD3 /* LaunchScreen.storyboard in Resources */,
				3656FBA0239DC27200D28A36 /* Localizable.strings in Resources */,
				FAAFE75F1BD2A7AC0002B5A4 /* Assets.xcassets in Resources */,
			);
			runOnlyForDeploymentPostprocessing = 0;
		};
		FAAFE7661BD2A7AC0002B5A4 /* Resources */ = {
			isa = PBXResourcesBuildPhase;
			buildActionMask = 2147483647;
			files = (
			);
			runOnlyForDeploymentPostprocessing = 0;
		};
/* End PBXResourcesBuildPhase section */

/* Begin PBXSourcesBuildPhase section */
		36A5BAE1239DCBD200999198 /* Sources */ = {
			isa = PBXSourcesBuildPhase;
			buildActionMask = 2147483647;
			files = (
				36A5BAEC239DCC9C00999198 /* AppKitGlue.swift in Sources */,
			);
			runOnlyForDeploymentPostprocessing = 0;
		};
		FAAFE74B1BD2A7AC0002B5A4 /* Sources */ = {
			isa = PBXSourcesBuildPhase;
			buildActionMask = 2147483647;
			files = (
				FAAFE7531BD2A7AC0002B5A4 /* AppDelegate.swift in Sources */,
				367FCB72235391910004275F /* SceneDelegate.swift in Sources */,
				361F48FE235963A200286B65 /* ClassroomList.swift in Sources */,
				FAC61FC11BD2B3D900FD973C /* Jotts.xcdatamodeld in Sources */,
				36D598232378AAE000F781D6 /* SessionEditor.swift in Sources */,
				361F4902235967FD00286B65 /* ViewResponder.swift in Sources */,
				367FCB5023538F870004275F /* Classrooms.swift in Sources */,
				36568EE7235B6BB70063B1CA /* ScheduleEditor.swift in Sources */,
				365D02492387589C00FCECCC /* Scheduler.swift in Sources */,
				36827F312399B8E900722D4A /* TimeIntervalLabel.swift in Sources */,
				36827F2F239453B000722D4A /* ScheduleObserver.swift in Sources */,
				5C5182CC0DF9EC42A653BE60 /* UIColor+FromHex.swift in Sources */,
				36D705E823A542A900F22955 /* Colors.swift in Sources */,
				361F4907235B431300286B65 /* DarkHostingController.swift in Sources */,
				360BBCC6235B9F520011660B /* Int64+Selection.swift in Sources */,
				361F4900235963BE00286B65 /* ClassroomInfo.swift in Sources */,
				361F48FA235920E200286B65 /* AppResponder.swift in Sources */,
				362C6052239D7D1B00FBF0CC /* String+AsEmpty.swift in Sources */,
				5C51831AA8755B5555B08AD5 /* Date+Midnight.swift in Sources */,
			);
			runOnlyForDeploymentPostprocessing = 0;
		};
		FAAFE7641BD2A7AC0002B5A4 /* Sources */ = {
			isa = PBXSourcesBuildPhase;
			buildActionMask = 2147483647;
			files = (
				36827F2D238AD90700722D4A /* SchedulerTests.swift in Sources */,
			);
			runOnlyForDeploymentPostprocessing = 0;
		};
/* End PBXSourcesBuildPhase section */

/* Begin PBXTargetDependency section */
		36A5BAF0239DCCDC00999198 /* PBXTargetDependency */ = {
			isa = PBXTargetDependency;
			platformFilter = maccatalyst;
			target = 36A5BAE4239DCBD200999198 /* JottsAppKitGlue */;
			targetProxy = 36A5BAEF239DCCDC00999198 /* PBXContainerItemProxy */;
		};
		FAAFE76A1BD2A7AC0002B5A4 /* PBXTargetDependency */ = {
			isa = PBXTargetDependency;
			target = FAAFE74E1BD2A7AC0002B5A4 /* Jotts */;
			targetProxy = FAAFE7691BD2A7AC0002B5A4 /* PBXContainerItemProxy */;
		};
/* End PBXTargetDependency section */

/* Begin PBXVariantGroup section */
		3656FBA2239DC27200D28A36 /* Localizable.strings */ = {
			isa = PBXVariantGroup;
			children = (
				36E37C38239DC49600970C0B /* Base */,
			);
			name = Localizable.strings;
			sourceTree = SOURCE_ROOT;
		};
		FAAFE7601BD2A7AC0002B5A4 /* LaunchScreen.storyboard */ = {
			isa = PBXVariantGroup;
			children = (
				FAAFE7611BD2A7AC0002B5A4 /* Base */,
			);
			name = LaunchScreen.storyboard;
			sourceTree = "<group>";
		};
/* End PBXVariantGroup section */

/* Begin XCBuildConfiguration section */
		36A5BAE8239DCBD200999198 /* Debug */ = {
			isa = XCBuildConfiguration;
			buildSettings = {
				CLANG_ANALYZER_NONNULL = YES;
				CLANG_ANALYZER_NUMBER_OBJECT_CONVERSION = YES_AGGRESSIVE;
				CLANG_CXX_LANGUAGE_STANDARD = "gnu++14";
				CLANG_ENABLE_MODULES = YES;
				CLANG_ENABLE_OBJC_WEAK = YES;
				CLANG_WARN_DOCUMENTATION_COMMENTS = YES;
				CLANG_WARN_UNGUARDED_AVAILABILITY = YES_AGGRESSIVE;
				CODE_SIGN_STYLE = Automatic;
				COMBINE_HIDPI_IMAGES = YES;
				DERIVE_MACCATALYST_PRODUCT_BUNDLE_IDENTIFIER = NO;
				GCC_C_LANGUAGE_STANDARD = gnu11;
				INFOPLIST_FILE = JottsAppKitGlue/Info.plist;
				INSTALL_PATH = "$(LOCAL_LIBRARY_DIR)/Bundles";
				LD_RUNPATH_SEARCH_PATHS = (
					"$(inherited)",
					"@executable_path/../Frameworks",
					"@loader_path/../Frameworks",
				);
				MACOSX_DEPLOYMENT_TARGET = 10.15;
				MTL_ENABLE_DEBUG_INFO = INCLUDE_SOURCE;
				MTL_FAST_MATH = YES;
				PRODUCT_BUNDLE_IDENTIFIER = io.hnryjms.JottsAppKitGlue;
				PRODUCT_NAME = "$(TARGET_NAME)";
				SDKROOT = macosx;
				SKIP_INSTALL = YES;
				SUPPORTS_MACCATALYST = NO;
				SWIFT_OBJC_BRIDGING_HEADER = "Jotts-Bridging-Header.h";
				SWIFT_OPTIMIZATION_LEVEL = "-Onone";
				SWIFT_VERSION = 5.0;
				WRAPPER_EXTENSION = bundle;
			};
			name = Debug;
		};
		36A5BAE9239DCBD200999198 /* Release */ = {
			isa = XCBuildConfiguration;
			buildSettings = {
				CLANG_ANALYZER_NONNULL = YES;
				CLANG_ANALYZER_NUMBER_OBJECT_CONVERSION = YES_AGGRESSIVE;
				CLANG_CXX_LANGUAGE_STANDARD = "gnu++14";
				CLANG_ENABLE_MODULES = YES;
				CLANG_ENABLE_OBJC_WEAK = YES;
				CLANG_WARN_DOCUMENTATION_COMMENTS = YES;
				CLANG_WARN_UNGUARDED_AVAILABILITY = YES_AGGRESSIVE;
				CODE_SIGN_STYLE = Automatic;
				COMBINE_HIDPI_IMAGES = YES;
				DERIVE_MACCATALYST_PRODUCT_BUNDLE_IDENTIFIER = NO;
				GCC_C_LANGUAGE_STANDARD = gnu11;
				INFOPLIST_FILE = JottsAppKitGlue/Info.plist;
				INSTALL_PATH = "$(LOCAL_LIBRARY_DIR)/Bundles";
				LD_RUNPATH_SEARCH_PATHS = (
					"$(inherited)",
					"@executable_path/../Frameworks",
					"@loader_path/../Frameworks",
				);
				MACOSX_DEPLOYMENT_TARGET = 10.15;
				MTL_FAST_MATH = YES;
				PRODUCT_BUNDLE_IDENTIFIER = io.hnryjms.JottsAppKitGlue;
				PRODUCT_NAME = "$(TARGET_NAME)";
				SDKROOT = macosx;
				SKIP_INSTALL = YES;
				SUPPORTS_MACCATALYST = NO;
				SWIFT_OBJC_BRIDGING_HEADER = "Jotts-Bridging-Header.h";
				SWIFT_VERSION = 5.0;
				WRAPPER_EXTENSION = bundle;
			};
			name = Release;
		};
		FAAFE77A1BD2A7AC0002B5A4 /* Debug */ = {
			isa = XCBuildConfiguration;
			buildSettings = {
				ALWAYS_SEARCH_USER_PATHS = NO;
				CLANG_ANALYZER_LOCALIZABILITY_NONLOCALIZED = YES;
				CLANG_CXX_LANGUAGE_STANDARD = "gnu++0x";
				CLANG_CXX_LIBRARY = "libc++";
				CLANG_ENABLE_MODULES = YES;
				CLANG_ENABLE_OBJC_ARC = YES;
				CLANG_WARN_BLOCK_CAPTURE_AUTORELEASING = YES;
				CLANG_WARN_BOOL_CONVERSION = YES;
				CLANG_WARN_COMMA = YES;
				CLANG_WARN_CONSTANT_CONVERSION = YES;
				CLANG_WARN_DEPRECATED_OBJC_IMPLEMENTATIONS = YES;
				CLANG_WARN_DIRECT_OBJC_ISA_USAGE = YES_ERROR;
				CLANG_WARN_EMPTY_BODY = YES;
				CLANG_WARN_ENUM_CONVERSION = YES;
				CLANG_WARN_INFINITE_RECURSION = YES;
				CLANG_WARN_INT_CONVERSION = YES;
				CLANG_WARN_NON_LITERAL_NULL_CONVERSION = YES;
				CLANG_WARN_OBJC_IMPLICIT_RETAIN_SELF = YES;
				CLANG_WARN_OBJC_LITERAL_CONVERSION = YES;
				CLANG_WARN_OBJC_ROOT_CLASS = YES_ERROR;
				CLANG_WARN_RANGE_LOOP_ANALYSIS = YES;
				CLANG_WARN_STRICT_PROTOTYPES = YES;
				CLANG_WARN_SUSPICIOUS_MOVE = YES;
				CLANG_WARN_UNREACHABLE_CODE = YES;
				CLANG_WARN__DUPLICATE_METHOD_MATCH = YES;
				"CODE_SIGN_IDENTITY[sdk=iphoneos*]" = "iPhone Developer";
				COPY_PHASE_STRIP = NO;
				DEBUG_INFORMATION_FORMAT = dwarf;
				ENABLE_STRICT_OBJC_MSGSEND = YES;
				ENABLE_TESTABILITY = YES;
				GCC_C_LANGUAGE_STANDARD = gnu99;
				GCC_DYNAMIC_NO_PIC = NO;
				GCC_NO_COMMON_BLOCKS = YES;
				GCC_OPTIMIZATION_LEVEL = 0;
				GCC_PREPROCESSOR_DEFINITIONS = (
					"DEBUG=1",
					"$(inherited)",
				);
				GCC_WARN_64_TO_32_BIT_CONVERSION = YES;
				GCC_WARN_ABOUT_RETURN_TYPE = YES_ERROR;
				GCC_WARN_UNDECLARED_SELECTOR = YES;
				GCC_WARN_UNINITIALIZED_AUTOS = YES_AGGRESSIVE;
				GCC_WARN_UNUSED_FUNCTION = YES;
				GCC_WARN_UNUSED_VARIABLE = YES;
				IPHONEOS_DEPLOYMENT_TARGET = 13.0;
				MTL_ENABLE_DEBUG_INFO = YES;
				ONLY_ACTIVE_ARCH = YES;
				SDKROOT = iphoneos;
				SWIFT_OPTIMIZATION_LEVEL = "-Onone";
				SWIFT_VERSION = 5.0;
				TARGETED_DEVICE_FAMILY = "1,2";
				WATCHOS_DEPLOYMENT_TARGET = 5.0;
			};
			name = Debug;
		};
		FAAFE77B1BD2A7AC0002B5A4 /* Release */ = {
			isa = XCBuildConfiguration;
			buildSettings = {
				ALWAYS_SEARCH_USER_PATHS = NO;
				CLANG_ANALYZER_LOCALIZABILITY_NONLOCALIZED = YES;
				CLANG_CXX_LANGUAGE_STANDARD = "gnu++0x";
				CLANG_CXX_LIBRARY = "libc++";
				CLANG_ENABLE_MODULES = YES;
				CLANG_ENABLE_OBJC_ARC = YES;
				CLANG_WARN_BLOCK_CAPTURE_AUTORELEASING = YES;
				CLANG_WARN_BOOL_CONVERSION = YES;
				CLANG_WARN_COMMA = YES;
				CLANG_WARN_CONSTANT_CONVERSION = YES;
				CLANG_WARN_DEPRECATED_OBJC_IMPLEMENTATIONS = YES;
				CLANG_WARN_DIRECT_OBJC_ISA_USAGE = YES_ERROR;
				CLANG_WARN_EMPTY_BODY = YES;
				CLANG_WARN_ENUM_CONVERSION = YES;
				CLANG_WARN_INFINITE_RECURSION = YES;
				CLANG_WARN_INT_CONVERSION = YES;
				CLANG_WARN_NON_LITERAL_NULL_CONVERSION = YES;
				CLANG_WARN_OBJC_IMPLICIT_RETAIN_SELF = YES;
				CLANG_WARN_OBJC_LITERAL_CONVERSION = YES;
				CLANG_WARN_OBJC_ROOT_CLASS = YES_ERROR;
				CLANG_WARN_RANGE_LOOP_ANALYSIS = YES;
				CLANG_WARN_STRICT_PROTOTYPES = YES;
				CLANG_WARN_SUSPICIOUS_MOVE = YES;
				CLANG_WARN_UNREACHABLE_CODE = YES;
				CLANG_WARN__DUPLICATE_METHOD_MATCH = YES;
				"CODE_SIGN_IDENTITY[sdk=iphoneos*]" = "iPhone Developer";
				COPY_PHASE_STRIP = NO;
				DEBUG_INFORMATION_FORMAT = "dwarf-with-dsym";
				ENABLE_NS_ASSERTIONS = NO;
				ENABLE_STRICT_OBJC_MSGSEND = YES;
				GCC_C_LANGUAGE_STANDARD = gnu99;
				GCC_NO_COMMON_BLOCKS = YES;
				GCC_WARN_64_TO_32_BIT_CONVERSION = YES;
				GCC_WARN_ABOUT_RETURN_TYPE = YES_ERROR;
				GCC_WARN_UNDECLARED_SELECTOR = YES;
				GCC_WARN_UNINITIALIZED_AUTOS = YES_AGGRESSIVE;
				GCC_WARN_UNUSED_FUNCTION = YES;
				GCC_WARN_UNUSED_VARIABLE = YES;
				IPHONEOS_DEPLOYMENT_TARGET = 13.0;
				MTL_ENABLE_DEBUG_INFO = NO;
				SDKROOT = iphoneos;
				SWIFT_COMPILATION_MODE = wholemodule;
				SWIFT_OPTIMIZATION_LEVEL = "-O";
				SWIFT_VERSION = 5.0;
				TARGETED_DEVICE_FAMILY = "1,2";
				VALIDATE_PRODUCT = YES;
				WATCHOS_DEPLOYMENT_TARGET = 5.0;
			};
			name = Release;
		};
		FAAFE77D1BD2A7AC0002B5A4 /* Debug */ = {
			isa = XCBuildConfiguration;
			buildSettings = {
				ASSETCATALOG_COMPILER_APPICON_NAME = AppIcon;
				CLANG_ENABLE_MODULES = YES;
				CODE_SIGN_ENTITLEMENTS = Jotts.entitlements;
				CODE_SIGN_IDENTITY = "iPhone Developer";
				"CODE_SIGN_IDENTITY[sdk=iphoneos*]" = "iPhone Developer";
				DEFINES_MODULE = YES;
				DERIVE_MACCATALYST_PRODUCT_BUNDLE_IDENTIFIER = YES;
				INFOPLIST_FILE = "$(SRCROOT)/Resources/Info.plist";
				LD_RUNPATH_SEARCH_PATHS = (
					"$(inherited)",
					"@executable_path/Frameworks",
				);
				PRODUCT_BUNDLE_IDENTIFIER = io.hnryjms.Jotts;
				PRODUCT_NAME = "$(TARGET_NAME)";
				SUPPORTS_MACCATALYST = YES;
				SWIFT_OBJC_BRIDGING_HEADER = "Jotts-Bridging-Header.h";
				SWIFT_OPTIMIZATION_LEVEL = "-Onone";
				SWIFT_VERSION = 5.0;
			};
			name = Debug;
		};
		FAAFE77E1BD2A7AC0002B5A4 /* Release */ = {
			isa = XCBuildConfiguration;
			buildSettings = {
				ASSETCATALOG_COMPILER_APPICON_NAME = AppIcon;
				CLANG_ENABLE_MODULES = YES;
				CODE_SIGN_ENTITLEMENTS = Jotts.entitlements;
				CODE_SIGN_IDENTITY = "iPhone Developer";
				"CODE_SIGN_IDENTITY[sdk=iphoneos*]" = "iPhone Developer";
				DEFINES_MODULE = YES;
				DERIVE_MACCATALYST_PRODUCT_BUNDLE_IDENTIFIER = YES;
				INFOPLIST_FILE = "$(SRCROOT)/Resources/Info.plist";
				LD_RUNPATH_SEARCH_PATHS = (
					"$(inherited)",
					"@executable_path/Frameworks",
				);
				PRODUCT_BUNDLE_IDENTIFIER = io.hnryjms.Jotts;
				PRODUCT_NAME = "$(TARGET_NAME)";
				SUPPORTS_MACCATALYST = YES;
				SWIFT_OBJC_BRIDGING_HEADER = "Jotts-Bridging-Header.h";
				SWIFT_VERSION = 5.0;
			};
			name = Release;
		};
		FAAFE7801BD2A7AC0002B5A4 /* Debug */ = {
			isa = XCBuildConfiguration;
			buildSettings = {
				BUNDLE_LOADER = "$(TEST_HOST)";
				CLANG_ENABLE_MODULES = YES;
				INFOPLIST_FILE = JottsTests/Info.plist;
				LD_RUNPATH_SEARCH_PATHS = (
					"$(inherited)",
					"@executable_path/Frameworks",
					"@loader_path/Frameworks",
				);
				PRODUCT_BUNDLE_IDENTIFIER = io.hnryjms.JottsTests;
				PRODUCT_NAME = "$(TARGET_NAME)";
				SWIFT_OPTIMIZATION_LEVEL = "-Onone";
				SWIFT_VERSION = 5.0;
				TEST_HOST = "$(BUILT_PRODUCTS_DIR)/Jotts.app/Jotts";
			};
			name = Debug;
		};
		FAAFE7811BD2A7AC0002B5A4 /* Release */ = {
			isa = XCBuildConfiguration;
			buildSettings = {
				BUNDLE_LOADER = "$(TEST_HOST)";
				CLANG_ENABLE_MODULES = YES;
				INFOPLIST_FILE = JottsTests/Info.plist;
				LD_RUNPATH_SEARCH_PATHS = (
					"$(inherited)",
					"@executable_path/Frameworks",
					"@loader_path/Frameworks",
				);
				PRODUCT_BUNDLE_IDENTIFIER = io.hnryjms.JottsTests;
				PRODUCT_NAME = "$(TARGET_NAME)";
				SWIFT_VERSION = 5.0;
				TEST_HOST = "$(BUILT_PRODUCTS_DIR)/Jotts.app/Jotts";
			};
			name = Release;
		};
/* End XCBuildConfiguration section */

/* Begin XCConfigurationList section */
		36A5BAEA239DCBD200999198 /* Build configuration list for PBXNativeTarget "JottsAppKitGlue" */ = {
			isa = XCConfigurationList;
			buildConfigurations = (
				36A5BAE8239DCBD200999198 /* Debug */,
				36A5BAE9239DCBD200999198 /* Release */,
			);
			defaultConfigurationIsVisible = 0;
			defaultConfigurationName = Release;
		};
		FAAFE74A1BD2A7AC0002B5A4 /* Build configuration list for PBXProject "Jotts" */ = {
			isa = XCConfigurationList;
			buildConfigurations = (
				FAAFE77A1BD2A7AC0002B5A4 /* Debug */,
				FAAFE77B1BD2A7AC0002B5A4 /* Release */,
			);
			defaultConfigurationIsVisible = 0;
			defaultConfigurationName = Release;
		};
		FAAFE77C1BD2A7AC0002B5A4 /* Build configuration list for PBXNativeTarget "Jotts" */ = {
			isa = XCConfigurationList;
			buildConfigurations = (
				FAAFE77D1BD2A7AC0002B5A4 /* Debug */,
				FAAFE77E1BD2A7AC0002B5A4 /* Release */,
			);
			defaultConfigurationIsVisible = 0;
			defaultConfigurationName = Release;
		};
		FAAFE77F1BD2A7AC0002B5A4 /* Build configuration list for PBXNativeTarget "JottsTests" */ = {
			isa = XCConfigurationList;
			buildConfigurations = (
				FAAFE7801BD2A7AC0002B5A4 /* Debug */,
				FAAFE7811BD2A7AC0002B5A4 /* Release */,
			);
			defaultConfigurationIsVisible = 0;
			defaultConfigurationName = Release;
		};
/* End XCConfigurationList section */

/* Begin XCRemoteSwiftPackageReference section */
		36C7A96623A53D8C008577E0 /* XCRemoteSwiftPackageReference "SwiftUI-Introspect" */ = {
			isa = XCRemoteSwiftPackageReference;
			repositoryURL = "https://github.com/timbersoftware/SwiftUI-Introspect.git";
			requirement = {
				kind = upToNextMajorVersion;
				minimumVersion = 0.0.6;
			};
		};
/* End XCRemoteSwiftPackageReference section */

/* Begin XCSwiftPackageProductDependency section */
		36C7A96723A53D8C008577E0 /* Introspect */ = {
			isa = XCSwiftPackageProductDependency;
			package = 36C7A96623A53D8C008577E0 /* XCRemoteSwiftPackageReference "SwiftUI-Introspect" */;
			productName = Introspect;
		};
/* End XCSwiftPackageProductDependency section */

/* Begin XCVersionGroup section */
		FAC61FBF1BD2B3D900FD973C /* Jotts.xcdatamodeld */ = {
			isa = XCVersionGroup;
			children = (
				FAC61FC01BD2B3D900FD973C /* Jotts.xcdatamodel */,
			);
			currentVersion = FAC61FC01BD2B3D900FD973C /* Jotts.xcdatamodel */;
			path = Jotts.xcdatamodeld;
			sourceTree = "<group>";
			versionGroupType = wrapper.xcdatamodel;
		};
/* End XCVersionGroup section */
	};
	rootObject = FAAFE7471BD2A7AC0002B5A4 /* Project object */;
}
