// !$*UTF8*$!
{
	archiveVersion = 1;
	classes = {
	};
	objectVersion = 46;
	objects = {

/* Begin PBXBuildFile section */
		5C5182CC0DF9EC42A653BE60 /* UIColor+FromHex.swift in Sources */ = {isa = PBXBuildFile; fileRef = 5C5185079B1BA7099A5F01A3 /* UIColor+FromHex.swift */; };
		FA1111731C1BD66A0000DE87 /* BaseViewModel.swift in Sources */ = {isa = PBXBuildFile; fileRef = FA1111721C1BD66A0000DE87 /* BaseViewModel.swift */; };
		FA20B2EA1E11CD990067F252 /* ReactiveCocoa.framework in Frameworks */ = {isa = PBXBuildFile; fileRef = FAC61FB11BD2AD9900FD973C /* ReactiveCocoa.framework */; };
		FA20B2EB1E11CD990067F252 /* Result.framework in Frameworks */ = {isa = PBXBuildFile; fileRef = FAC61FB31BD2AD9900FD973C /* Result.framework */; };
		FA20B2ED1E11CD990067F252 /* ReactiveSwift.framework in Frameworks */ = {isa = PBXBuildFile; fileRef = FA20B2EC1E11CD990067F252 /* ReactiveSwift.framework */; };
		FA55702D1BD300EF00546019 /* ClassroomController.swift in Sources */ = {isa = PBXBuildFile; fileRef = FA55702C1BD300EF00546019 /* ClassroomController.swift */; };
		FA6545B51BDC49A70099B1FD /* Interface.storyboard in Resources */ = {isa = PBXBuildFile; fileRef = FA6545B31BDC49A70099B1FD /* Interface.storyboard */; };
		FA6545B71BDC49A70099B1FD /* Assets.xcassets in Resources */ = {isa = PBXBuildFile; fileRef = FA6545B61BDC49A70099B1FD /* Assets.xcassets */; };
		FA6545BE1BDC49A70099B1FD /* Watch Complication.appex in Embed App Extensions */ = {isa = PBXBuildFile; fileRef = FA6545BD1BDC49A70099B1FD /* Watch Complication.appex */; settings = {ATTRIBUTES = (RemoveHeadersOnCopy, ); }; };
		FA6545C51BDC49A70099B1FD /* InterfaceController.swift in Sources */ = {isa = PBXBuildFile; fileRef = FA6545C41BDC49A70099B1FD /* InterfaceController.swift */; };
		FA6545C71BDC49A70099B1FD /* ExtensionDelegate.swift in Sources */ = {isa = PBXBuildFile; fileRef = FA6545C61BDC49A70099B1FD /* ExtensionDelegate.swift */; };
		FA6545C91BDC49A70099B1FD /* NotificationController.swift in Sources */ = {isa = PBXBuildFile; fileRef = FA6545C81BDC49A70099B1FD /* NotificationController.swift */; };
		FA6545CB1BDC49A70099B1FD /* GlanceController.swift in Sources */ = {isa = PBXBuildFile; fileRef = FA6545CA1BDC49A70099B1FD /* GlanceController.swift */; };
		FA6545CD1BDC49A70099B1FD /* ComplicationController.swift in Sources */ = {isa = PBXBuildFile; fileRef = FA6545CC1BDC49A70099B1FD /* ComplicationController.swift */; };
		FA6545CF1BDC49A70099B1FD /* Assets.xcassets in Resources */ = {isa = PBXBuildFile; fileRef = FA6545CE1BDC49A70099B1FD /* Assets.xcassets */; };
		FA6545D31BDC49A70099B1FD /* Watch.app in Embed Watch Content */ = {isa = PBXBuildFile; fileRef = FA6545B11BDC49A70099B1FD /* Watch.app */; };
		FA6545E31BDC4B6F0099B1FD /* NotificationCenter.framework in Frameworks */ = {isa = PBXBuildFile; fileRef = FA6545E21BDC4B6F0099B1FD /* NotificationCenter.framework */; };
		FA6545E61BDC4B6F0099B1FD /* TodayViewController.swift in Sources */ = {isa = PBXBuildFile; fileRef = FA6545E51BDC4B6F0099B1FD /* TodayViewController.swift */; };
		FA6545E91BDC4B6F0099B1FD /* MainInterface.storyboard in Resources */ = {isa = PBXBuildFile; fileRef = FA6545E71BDC4B6F0099B1FD /* MainInterface.storyboard */; };
		FA6545ED1BDC4B6F0099B1FD /* Today.appex in Embed App Extensions */ = {isa = PBXBuildFile; fileRef = FA6545E01BDC4B6F0099B1FD /* Today.appex */; settings = {ATTRIBUTES = (RemoveHeadersOnCopy, ); }; };
		FA850D841C250E8E004F4CC4 /* Localizable.strings in Resources */ = {isa = PBXBuildFile; fileRef = FA850D861C250E8E004F4CC4 /* Localizable.strings */; };
		FA8537671BD2A8FA006C9FD3 /* Main.storyboard in Resources */ = {isa = PBXBuildFile; fileRef = FAAFE75B1BD2A7AC0002B5A4 /* Main.storyboard */; };
		FA8537681BD2A8FA006C9FD3 /* LaunchScreen.storyboard in Resources */ = {isa = PBXBuildFile; fileRef = FAAFE7601BD2A7AC0002B5A4 /* LaunchScreen.storyboard */; };
		FAA5E8251BD9CE3A004DE3FC /* NSManagedObject+Validate.swift in Sources */ = {isa = PBXBuildFile; fileRef = FAA5E8241BD9CE3A004DE3FC /* NSManagedObject+Validate.swift */; };
		FAA5E8791BDBDB64004DE3FC /* ClassMetaController.swift in Sources */ = {isa = PBXBuildFile; fileRef = FAA5E8781BDBDB64004DE3FC /* ClassMetaController.swift */; };
		FAAFE7531BD2A7AC0002B5A4 /* AppDelegate.swift in Sources */ = {isa = PBXBuildFile; fileRef = FAAFE7521BD2A7AC0002B5A4 /* AppDelegate.swift */; };
		FAAFE75F1BD2A7AC0002B5A4 /* Assets.xcassets in Resources */ = {isa = PBXBuildFile; fileRef = FAAFE75E1BD2A7AC0002B5A4 /* Assets.xcassets */; };
		FAC61FB91BD2AE5400FD973C /* ReactiveCocoa.framework.dSYM in Copy Carthage dSYMs */ = {isa = PBXBuildFile; fileRef = FAC61FB21BD2AD9900FD973C /* ReactiveCocoa.framework.dSYM */; };
		FAC61FBA1BD2AE5700FD973C /* Result.framework.dSYM in Copy Carthage dSYMs */ = {isa = PBXBuildFile; fileRef = FAC61FB41BD2AD9900FD973C /* Result.framework.dSYM */; };
		FAC61FC11BD2B3D900FD973C /* Jotts.xcdatamodeld in Sources */ = {isa = PBXBuildFile; fileRef = FAC61FBF1BD2B3D900FD973C /* Jotts.xcdatamodeld */; };
		FAC61FCE1BD2B42E00FD973C /* Card+CoreDataProperties.swift in Sources */ = {isa = PBXBuildFile; fileRef = FAC61FC21BD2B42E00FD973C /* Card+CoreDataProperties.swift */; };
		FAC61FCF1BD2B42E00FD973C /* Card.swift in Sources */ = {isa = PBXBuildFile; fileRef = FAC61FC31BD2B42E00FD973C /* Card.swift */; };
		FAC61FD01BD2B42E00FD973C /* Classroom+CoreDataProperties.swift in Sources */ = {isa = PBXBuildFile; fileRef = FAC61FC41BD2B42E00FD973C /* Classroom+CoreDataProperties.swift */; };
		FAC61FD11BD2B42E00FD973C /* Classroom.swift in Sources */ = {isa = PBXBuildFile; fileRef = FAC61FC51BD2B42E00FD973C /* Classroom.swift */; };
		FAC61FD21BD2B42E00FD973C /* Deck+CoreDataProperties.swift in Sources */ = {isa = PBXBuildFile; fileRef = FAC61FC61BD2B42E00FD973C /* Deck+CoreDataProperties.swift */; };
		FAC61FD31BD2B42E00FD973C /* Deck.swift in Sources */ = {isa = PBXBuildFile; fileRef = FAC61FC71BD2B42E00FD973C /* Deck.swift */; };
		FAC61FD41BD2B42E00FD973C /* Schedule+CoreDataProperties.swift in Sources */ = {isa = PBXBuildFile; fileRef = FAC61FC81BD2B42E00FD973C /* Schedule+CoreDataProperties.swift */; };
		FAC61FD51BD2B42E00FD973C /* Schedule.swift in Sources */ = {isa = PBXBuildFile; fileRef = FAC61FC91BD2B42E00FD973C /* Schedule.swift */; };
		FAC61FD61BD2B42E00FD973C /* Assignment+CoreDataProperties.swift in Sources */ = {isa = PBXBuildFile; fileRef = FAC61FCA1BD2B42E00FD973C /* Assignment+CoreDataProperties.swift */; };
		FAC61FD71BD2B42E00FD973C /* Assignment.swift in Sources */ = {isa = PBXBuildFile; fileRef = FAC61FCB1BD2B42E00FD973C /* Assignment.swift */; };
		FAC61FD81BD2B42E00FD973C /* Session+CoreDataProperties.swift in Sources */ = {isa = PBXBuildFile; fileRef = FAC61FCC1BD2B42E00FD973C /* Session+CoreDataProperties.swift */; };
		FAC61FD91BD2B42E00FD973C /* Session.swift in Sources */ = {isa = PBXBuildFile; fileRef = FAC61FCD1BD2B42E00FD973C /* Session.swift */; };
		FAC61FDB1BD2B65C00FD973C /* ObjectCore.swift in Sources */ = {isa = PBXBuildFile; fileRef = FAC61FDA1BD2B65C00FD973C /* ObjectCore.swift */; };
		FAC61FDF1BD2BBE100FD973C /* DataTests.swift in Sources */ = {isa = PBXBuildFile; fileRef = FAC61FDE1BD2BBE100FD973C /* DataTests.swift */; };
		FAC61FE11BD2F4CF00FD973C /* MyClassesController.swift in Sources */ = {isa = PBXBuildFile; fileRef = FAC61FE01BD2F4CF00FD973C /* MyClassesController.swift */; };
		FAC61FE31BD2F5F100FD973C /* MainSplitController.swift in Sources */ = {isa = PBXBuildFile; fileRef = FAC61FE21BD2F5F100FD973C /* MainSplitController.swift */; };
/* End PBXBuildFile section */

/* Begin PBXContainerItemProxy section */
		FA6545BF1BDC49A70099B1FD /* PBXContainerItemProxy */ = {
			isa = PBXContainerItemProxy;
			containerPortal = FAAFE7471BD2A7AC0002B5A4 /* Project object */;
			proxyType = 1;
			remoteGlobalIDString = FA6545BC1BDC49A70099B1FD;
			remoteInfo = "Watch Extension";
		};
		FA6545D11BDC49A70099B1FD /* PBXContainerItemProxy */ = {
			isa = PBXContainerItemProxy;
			containerPortal = FAAFE7471BD2A7AC0002B5A4 /* Project object */;
			proxyType = 1;
			remoteGlobalIDString = FA6545B01BDC49A70099B1FD;
			remoteInfo = Watch;
		};
		FA6545EB1BDC4B6F0099B1FD /* PBXContainerItemProxy */ = {
			isa = PBXContainerItemProxy;
			containerPortal = FAAFE7471BD2A7AC0002B5A4 /* Project object */;
			proxyType = 1;
			remoteGlobalIDString = FA6545DF1BDC4B6F0099B1FD;
			remoteInfo = Today;
		};
		FAAFE7691BD2A7AC0002B5A4 /* PBXContainerItemProxy */ = {
			isa = PBXContainerItemProxy;
			containerPortal = FAAFE7471BD2A7AC0002B5A4 /* Project object */;
			proxyType = 1;
			remoteGlobalIDString = FAAFE74E1BD2A7AC0002B5A4;
			remoteInfo = Jotts;
		};
/* End PBXContainerItemProxy section */

/* Begin PBXCopyFilesBuildPhase section */
		FA6545D71BDC49A70099B1FD /* Embed App Extensions */ = {
			isa = PBXCopyFilesBuildPhase;
			buildActionMask = 2147483647;
			dstPath = "";
			dstSubfolderSpec = 13;
			files = (
				FA6545BE1BDC49A70099B1FD /* Watch Complication.appex in Embed App Extensions */,
			);
			name = "Embed App Extensions";
			runOnlyForDeploymentPostprocessing = 0;
		};
		FA6545DB1BDC49A70099B1FD /* Embed Watch Content */ = {
			isa = PBXCopyFilesBuildPhase;
			buildActionMask = 2147483647;
			dstPath = "$(CONTENTS_FOLDER_PATH)/Watch";
			dstSubfolderSpec = 16;
			files = (
				FA6545D31BDC49A70099B1FD /* Watch.app in Embed Watch Content */,
			);
			name = "Embed Watch Content";
			runOnlyForDeploymentPostprocessing = 0;
		};
		FA6545F11BDC4B700099B1FD /* Embed App Extensions */ = {
			isa = PBXCopyFilesBuildPhase;
			buildActionMask = 2147483647;
			dstPath = "";
			dstSubfolderSpec = 13;
			files = (
				FA6545ED1BDC4B6F0099B1FD /* Today.appex in Embed App Extensions */,
			);
			name = "Embed App Extensions";
			runOnlyForDeploymentPostprocessing = 0;
		};
		FAC61FB81BD2AE1200FD973C /* Copy Carthage dSYMs */ = {
			isa = PBXCopyFilesBuildPhase;
			buildActionMask = 2147483647;
			dstPath = "";
			dstSubfolderSpec = 16;
			files = (
				FAC61FB91BD2AE5400FD973C /* ReactiveCocoa.framework.dSYM in Copy Carthage dSYMs */,
				FAC61FBA1BD2AE5700FD973C /* Result.framework.dSYM in Copy Carthage dSYMs */,
			);
			name = "Copy Carthage dSYMs";
			runOnlyForDeploymentPostprocessing = 0;
		};
/* End PBXCopyFilesBuildPhase section */

/* Begin PBXFileReference section */
		5C5185079B1BA7099A5F01A3 /* UIColor+FromHex.swift */ = {isa = PBXFileReference; fileEncoding = 4; lastKnownFileType = sourcecode.swift; path = "UIColor+FromHex.swift"; sourceTree = "<group>"; };
		FA1111721C1BD66A0000DE87 /* BaseViewModel.swift */ = {isa = PBXFileReference; fileEncoding = 4; lastKnownFileType = sourcecode.swift; path = BaseViewModel.swift; sourceTree = "<group>"; };
		FA20B2EC1E11CD990067F252 /* ReactiveSwift.framework */ = {isa = PBXFileReference; lastKnownFileType = wrapper.framework; name = ReactiveSwift.framework; path = Carthage/Build/iOS/ReactiveSwift.framework; sourceTree = "<group>"; };
		FA55702C1BD300EF00546019 /* ClassroomController.swift */ = {isa = PBXFileReference; fileEncoding = 4; lastKnownFileType = sourcecode.swift; path = ClassroomController.swift; sourceTree = "<group>"; };
		FA6545B11BDC49A70099B1FD /* Watch.app */ = {isa = PBXFileReference; explicitFileType = wrapper.application; includeInIndex = 0; path = Watch.app; sourceTree = BUILT_PRODUCTS_DIR; };
		FA6545B41BDC49A70099B1FD /* Base */ = {isa = PBXFileReference; lastKnownFileType = file.storyboard; name = Base; path = Base.lproj/Interface.storyboard; sourceTree = "<group>"; };
		FA6545B61BDC49A70099B1FD /* Assets.xcassets */ = {isa = PBXFileReference; lastKnownFileType = folder.assetcatalog; path = Assets.xcassets; sourceTree = "<group>"; };
		FA6545B81BDC49A70099B1FD /* Info.plist */ = {isa = PBXFileReference; lastKnownFileType = text.plist.xml; path = Info.plist; sourceTree = "<group>"; };
		FA6545BD1BDC49A70099B1FD /* Watch Complication.appex */ = {isa = PBXFileReference; explicitFileType = "wrapper.app-extension"; includeInIndex = 0; path = "Watch Complication.appex"; sourceTree = BUILT_PRODUCTS_DIR; };
		FA6545C31BDC49A70099B1FD /* PushNotificationPayload.apns */ = {isa = PBXFileReference; lastKnownFileType = text; path = PushNotificationPayload.apns; sourceTree = "<group>"; };
		FA6545C41BDC49A70099B1FD /* InterfaceController.swift */ = {isa = PBXFileReference; lastKnownFileType = sourcecode.swift; path = InterfaceController.swift; sourceTree = "<group>"; };
		FA6545C61BDC49A70099B1FD /* ExtensionDelegate.swift */ = {isa = PBXFileReference; lastKnownFileType = sourcecode.swift; path = ExtensionDelegate.swift; sourceTree = "<group>"; };
		FA6545C81BDC49A70099B1FD /* NotificationController.swift */ = {isa = PBXFileReference; lastKnownFileType = sourcecode.swift; path = NotificationController.swift; sourceTree = "<group>"; };
		FA6545CA1BDC49A70099B1FD /* GlanceController.swift */ = {isa = PBXFileReference; lastKnownFileType = sourcecode.swift; path = GlanceController.swift; sourceTree = "<group>"; };
		FA6545CC1BDC49A70099B1FD /* ComplicationController.swift */ = {isa = PBXFileReference; lastKnownFileType = sourcecode.swift; path = ComplicationController.swift; sourceTree = "<group>"; };
		FA6545CE1BDC49A70099B1FD /* Assets.xcassets */ = {isa = PBXFileReference; lastKnownFileType = folder.assetcatalog; path = Assets.xcassets; sourceTree = "<group>"; };
		FA6545D01BDC49A70099B1FD /* Info.plist */ = {isa = PBXFileReference; lastKnownFileType = text.plist.xml; path = Info.plist; sourceTree = "<group>"; };
		FA6545E01BDC4B6F0099B1FD /* Today.appex */ = {isa = PBXFileReference; explicitFileType = "wrapper.app-extension"; includeInIndex = 0; path = Today.appex; sourceTree = BUILT_PRODUCTS_DIR; };
		FA6545E21BDC4B6F0099B1FD /* NotificationCenter.framework */ = {isa = PBXFileReference; lastKnownFileType = wrapper.framework; name = NotificationCenter.framework; path = System/Library/Frameworks/NotificationCenter.framework; sourceTree = SDKROOT; };
		FA6545E51BDC4B6F0099B1FD /* TodayViewController.swift */ = {isa = PBXFileReference; lastKnownFileType = sourcecode.swift; path = TodayViewController.swift; sourceTree = "<group>"; };
		FA6545E81BDC4B6F0099B1FD /* Base */ = {isa = PBXFileReference; lastKnownFileType = file.storyboard; name = Base; path = Base.lproj/MainInterface.storyboard; sourceTree = "<group>"; };
		FA6545EA1BDC4B6F0099B1FD /* Info.plist */ = {isa = PBXFileReference; lastKnownFileType = text.plist.xml; path = Info.plist; sourceTree = "<group>"; };
		FA850D851C250E8E004F4CC4 /* Base */ = {isa = PBXFileReference; lastKnownFileType = text.plist.strings; name = Base; path = Base.lproj/Localizable.strings; sourceTree = "<group>"; };
		FAA5E8241BD9CE3A004DE3FC /* NSManagedObject+Validate.swift */ = {isa = PBXFileReference; fileEncoding = 4; lastKnownFileType = sourcecode.swift; path = "NSManagedObject+Validate.swift"; sourceTree = "<group>"; };
		FAA5E8781BDBDB64004DE3FC /* ClassMetaController.swift */ = {isa = PBXFileReference; fileEncoding = 4; lastKnownFileType = sourcecode.swift; path = ClassMetaController.swift; sourceTree = "<group>"; };
		FAAFE74F1BD2A7AC0002B5A4 /* Jotts.app */ = {isa = PBXFileReference; explicitFileType = wrapper.application; includeInIndex = 0; path = Jotts.app; sourceTree = BUILT_PRODUCTS_DIR; };
		FAAFE7521BD2A7AC0002B5A4 /* AppDelegate.swift */ = {isa = PBXFileReference; lastKnownFileType = sourcecode.swift; path = AppDelegate.swift; sourceTree = "<group>"; };
		FAAFE75C1BD2A7AC0002B5A4 /* Base */ = {isa = PBXFileReference; lastKnownFileType = file.storyboard; name = Base; path = Base.lproj/Main.storyboard; sourceTree = "<group>"; };
		FAAFE75E1BD2A7AC0002B5A4 /* Assets.xcassets */ = {isa = PBXFileReference; lastKnownFileType = folder.assetcatalog; path = Assets.xcassets; sourceTree = "<group>"; };
		FAAFE7611BD2A7AC0002B5A4 /* Base */ = {isa = PBXFileReference; lastKnownFileType = file.storyboard; name = Base; path = Base.lproj/LaunchScreen.storyboard; sourceTree = "<group>"; };
		FAAFE7631BD2A7AC0002B5A4 /* Info.plist */ = {isa = PBXFileReference; lastKnownFileType = text.plist.xml; path = Info.plist; sourceTree = "<group>"; };
		FAAFE7681BD2A7AC0002B5A4 /* JottsTests.xctest */ = {isa = PBXFileReference; explicitFileType = wrapper.cfbundle; includeInIndex = 0; path = JottsTests.xctest; sourceTree = BUILT_PRODUCTS_DIR; };
		FAAFE76E1BD2A7AC0002B5A4 /* Info.plist */ = {isa = PBXFileReference; lastKnownFileType = text.plist.xml; path = Info.plist; sourceTree = "<group>"; };
		FAC61FAD1BD2AA8600FD973C /* Cartfile */ = {isa = PBXFileReference; lastKnownFileType = text; path = Cartfile; sourceTree = "<group>"; };
		FAC61FB11BD2AD9900FD973C /* ReactiveCocoa.framework */ = {isa = PBXFileReference; lastKnownFileType = wrapper.framework; path = ReactiveCocoa.framework; sourceTree = "<group>"; };
		FAC61FB21BD2AD9900FD973C /* ReactiveCocoa.framework.dSYM */ = {isa = PBXFileReference; lastKnownFileType = wrapper.dsym; path = ReactiveCocoa.framework.dSYM; sourceTree = "<group>"; };
		FAC61FB31BD2AD9900FD973C /* Result.framework */ = {isa = PBXFileReference; lastKnownFileType = wrapper.framework; path = Result.framework; sourceTree = "<group>"; };
		FAC61FB41BD2AD9900FD973C /* Result.framework.dSYM */ = {isa = PBXFileReference; lastKnownFileType = wrapper.dsym; path = Result.framework.dSYM; sourceTree = "<group>"; };
		FAC61FC01BD2B3D900FD973C /* Jotts.xcdatamodel */ = {isa = PBXFileReference; lastKnownFileType = wrapper.xcdatamodel; path = Jotts.xcdatamodel; sourceTree = "<group>"; };
		FAC61FC21BD2B42E00FD973C /* Card+CoreDataProperties.swift */ = {isa = PBXFileReference; fileEncoding = 4; lastKnownFileType = sourcecode.swift; path = "Card+CoreDataProperties.swift"; sourceTree = "<group>"; };
		FAC61FC31BD2B42E00FD973C /* Card.swift */ = {isa = PBXFileReference; fileEncoding = 4; lastKnownFileType = sourcecode.swift; path = Card.swift; sourceTree = "<group>"; };
		FAC61FC41BD2B42E00FD973C /* Classroom+CoreDataProperties.swift */ = {isa = PBXFileReference; fileEncoding = 4; lastKnownFileType = sourcecode.swift; path = "Classroom+CoreDataProperties.swift"; sourceTree = "<group>"; };
		FAC61FC51BD2B42E00FD973C /* Classroom.swift */ = {isa = PBXFileReference; fileEncoding = 4; lastKnownFileType = sourcecode.swift; path = Classroom.swift; sourceTree = "<group>"; };
		FAC61FC61BD2B42E00FD973C /* Deck+CoreDataProperties.swift */ = {isa = PBXFileReference; fileEncoding = 4; lastKnownFileType = sourcecode.swift; path = "Deck+CoreDataProperties.swift"; sourceTree = "<group>"; };
		FAC61FC71BD2B42E00FD973C /* Deck.swift */ = {isa = PBXFileReference; fileEncoding = 4; lastKnownFileType = sourcecode.swift; path = Deck.swift; sourceTree = "<group>"; };
		FAC61FC81BD2B42E00FD973C /* Schedule+CoreDataProperties.swift */ = {isa = PBXFileReference; fileEncoding = 4; lastKnownFileType = sourcecode.swift; path = "Schedule+CoreDataProperties.swift"; sourceTree = "<group>"; };
		FAC61FC91BD2B42E00FD973C /* Schedule.swift */ = {isa = PBXFileReference; fileEncoding = 4; lastKnownFileType = sourcecode.swift; path = Schedule.swift; sourceTree = "<group>"; };
		FAC61FCA1BD2B42E00FD973C /* Assignment+CoreDataProperties.swift */ = {isa = PBXFileReference; fileEncoding = 4; lastKnownFileType = sourcecode.swift; path = "Assignment+CoreDataProperties.swift"; sourceTree = "<group>"; };
		FAC61FCB1BD2B42E00FD973C /* Assignment.swift */ = {isa = PBXFileReference; fileEncoding = 4; lastKnownFileType = sourcecode.swift; path = Assignment.swift; sourceTree = "<group>"; };
		FAC61FCC1BD2B42E00FD973C /* Session+CoreDataProperties.swift */ = {isa = PBXFileReference; fileEncoding = 4; lastKnownFileType = sourcecode.swift; path = "Session+CoreDataProperties.swift"; sourceTree = "<group>"; };
		FAC61FCD1BD2B42E00FD973C /* Session.swift */ = {isa = PBXFileReference; fileEncoding = 4; lastKnownFileType = sourcecode.swift; path = Session.swift; sourceTree = "<group>"; };
		FAC61FDA1BD2B65C00FD973C /* ObjectCore.swift */ = {isa = PBXFileReference; fileEncoding = 4; lastKnownFileType = sourcecode.swift; path = ObjectCore.swift; sourceTree = "<group>"; };
		FAC61FDE1BD2BBE100FD973C /* DataTests.swift */ = {isa = PBXFileReference; fileEncoding = 4; lastKnownFileType = sourcecode.swift; path = DataTests.swift; sourceTree = "<group>"; };
		FAC61FE01BD2F4CF00FD973C /* MyClassesController.swift */ = {isa = PBXFileReference; fileEncoding = 4; lastKnownFileType = sourcecode.swift; path = MyClassesController.swift; sourceTree = "<group>"; };
		FAC61FE21BD2F5F100FD973C /* MainSplitController.swift */ = {isa = PBXFileReference; fileEncoding = 4; lastKnownFileType = sourcecode.swift; path = MainSplitController.swift; sourceTree = "<group>"; };
/* End PBXFileReference section */

/* Begin PBXFrameworksBuildPhase section */
		FA6545BA1BDC49A70099B1FD /* Frameworks */ = {
			isa = PBXFrameworksBuildPhase;
			buildActionMask = 2147483647;
			files = (
			);
			runOnlyForDeploymentPostprocessing = 0;
		};
		FA6545DD1BDC4B6F0099B1FD /* Frameworks */ = {
			isa = PBXFrameworksBuildPhase;
			buildActionMask = 2147483647;
			files = (
				FA6545E31BDC4B6F0099B1FD /* NotificationCenter.framework in Frameworks */,
			);
			runOnlyForDeploymentPostprocessing = 0;
		};
		FAAFE74C1BD2A7AC0002B5A4 /* Frameworks */ = {
			isa = PBXFrameworksBuildPhase;
			buildActionMask = 2147483647;
			files = (
				FA20B2ED1E11CD990067F252 /* ReactiveSwift.framework in Frameworks */,
				FA20B2EA1E11CD990067F252 /* ReactiveCocoa.framework in Frameworks */,
				FA20B2EB1E11CD990067F252 /* Result.framework in Frameworks */,
			);
			runOnlyForDeploymentPostprocessing = 0;
		};
		FAAFE7651BD2A7AC0002B5A4 /* Frameworks */ = {
			isa = PBXFrameworksBuildPhase;
			buildActionMask = 2147483647;
			files = (
			);
			runOnlyForDeploymentPostprocessing = 0;
		};
/* End PBXFrameworksBuildPhase section */

/* Begin PBXGroup section */
		FA6545B21BDC49A70099B1FD /* Watch */ = {
			isa = PBXGroup;
			children = (
				FA6545B31BDC49A70099B1FD /* Interface.storyboard */,
				FA6545B61BDC49A70099B1FD /* Assets.xcassets */,
				FA6545B81BDC49A70099B1FD /* Info.plist */,
			);
			path = Watch;
			sourceTree = "<group>";
		};
		FA6545C11BDC49A70099B1FD /* Watch Extension */ = {
			isa = PBXGroup;
			children = (
				FA6545C41BDC49A70099B1FD /* InterfaceController.swift */,
				FA6545C61BDC49A70099B1FD /* ExtensionDelegate.swift */,
				FA6545C81BDC49A70099B1FD /* NotificationController.swift */,
				FA6545CA1BDC49A70099B1FD /* GlanceController.swift */,
				FA6545CC1BDC49A70099B1FD /* ComplicationController.swift */,
				FA6545CE1BDC49A70099B1FD /* Assets.xcassets */,
				FA6545D01BDC49A70099B1FD /* Info.plist */,
				FA6545C21BDC49A70099B1FD /* Supporting Files */,
			);
			path = "Watch Extension";
			sourceTree = "<group>";
		};
		FA6545C21BDC49A70099B1FD /* Supporting Files */ = {
			isa = PBXGroup;
			children = (
				FA6545C31BDC49A70099B1FD /* PushNotificationPayload.apns */,
			);
			name = "Supporting Files";
			sourceTree = "<group>";
		};
		FA6545E11BDC4B6F0099B1FD /* Frameworks */ = {
			isa = PBXGroup;
			children = (
				FA20B2EC1E11CD990067F252 /* ReactiveSwift.framework */,
				FA6545E21BDC4B6F0099B1FD /* NotificationCenter.framework */,
			);
			name = Frameworks;
			sourceTree = "<group>";
		};
		FA6545E41BDC4B6F0099B1FD /* Today */ = {
			isa = PBXGroup;
			children = (
				FA6545E51BDC4B6F0099B1FD /* TodayViewController.swift */,
				FA6545E71BDC4B6F0099B1FD /* MainInterface.storyboard */,
				FA6545EA1BDC4B6F0099B1FD /* Info.plist */,
			);
			path = Today;
			sourceTree = "<group>";
		};
		FAA5E87A1BDBDBF9004DE3FC /* Elements */ = {
			isa = PBXGroup;
			children = (
				FA1111721C1BD66A0000DE87 /* BaseViewModel.swift */,
				5C5185079B1BA7099A5F01A3 /* UIColor+FromHex.swift */,
			);
			path = Elements;
			sourceTree = "<group>";
		};
		FAAFE7461BD2A7AC0002B5A4 = {
			isa = PBXGroup;
			children = (
				FAC61FAD1BD2AA8600FD973C /* Cartfile */,
				FAAFE7511BD2A7AC0002B5A4 /* Jotts */,
				FAAFE76B1BD2A7AC0002B5A4 /* JottsTests */,
				FA6545B21BDC49A70099B1FD /* Watch */,
				FA6545C11BDC49A70099B1FD /* Watch Extension */,
				FA6545E41BDC4B6F0099B1FD /* Today */,
				FA6545E11BDC4B6F0099B1FD /* Frameworks */,
				FAAFE7501BD2A7AC0002B5A4 /* Products */,
			);
			sourceTree = "<group>";
		};
		FAAFE7501BD2A7AC0002B5A4 /* Products */ = {
			isa = PBXGroup;
			children = (
				FAAFE74F1BD2A7AC0002B5A4 /* Jotts.app */,
				FAAFE7681BD2A7AC0002B5A4 /* JottsTests.xctest */,
				FA6545B11BDC49A70099B1FD /* Watch.app */,
				FA6545BD1BDC49A70099B1FD /* Watch Complication.appex */,
				FA6545E01BDC4B6F0099B1FD /* Today.appex */,
			);
			name = Products;
			sourceTree = "<group>";
		};
		FAAFE7511BD2A7AC0002B5A4 /* Jotts */ = {
			isa = PBXGroup;
			children = (
				FAA5E87A1BDBDBF9004DE3FC /* Elements */,
				FAC61FBB1BD2B36B00FD973C /* Data */,
				FAC61FAE1BD2AC4100FD973C /* Controllers */,
				FAC61FAF1BD2AC5A00FD973C /* Resources */,
				FAAFE7521BD2A7AC0002B5A4 /* AppDelegate.swift */,
			);
			name = Jotts;
			sourceTree = "<group>";
		};
		FAAFE76B1BD2A7AC0002B5A4 /* JottsTests */ = {
			isa = PBXGroup;
			children = (
				FAC61FDE1BD2BBE100FD973C /* DataTests.swift */,
				FAAFE76E1BD2A7AC0002B5A4 /* Info.plist */,
			);
			path = JottsTests;
			sourceTree = "<group>";
		};
		FAC61FAE1BD2AC4100FD973C /* Controllers */ = {
			isa = PBXGroup;
			children = (
				FAC61FE21BD2F5F100FD973C /* MainSplitController.swift */,
				FAC61FE01BD2F4CF00FD973C /* MyClassesController.swift */,
				FA55702C1BD300EF00546019 /* ClassroomController.swift */,
				FAA5E8781BDBDB64004DE3FC /* ClassMetaController.swift */,
			);
			path = Controllers;
			sourceTree = "<group>";
		};
		FAC61FAF1BD2AC5A00FD973C /* Resources */ = {
			isa = PBXGroup;
			children = (
				FAC61FB01BD2AD9900FD973C /* Carthage */,
				FAAFE75B1BD2A7AC0002B5A4 /* Main.storyboard */,
				FAAFE7601BD2A7AC0002B5A4 /* LaunchScreen.storyboard */,
				FAAFE75E1BD2A7AC0002B5A4 /* Assets.xcassets */,
				FAAFE7631BD2A7AC0002B5A4 /* Info.plist */,
				FA850D861C250E8E004F4CC4 /* Localizable.strings */,
			);
			path = Resources;
			sourceTree = "<group>";
		};
		FAC61FB01BD2AD9900FD973C /* Carthage */ = {
			isa = PBXGroup;
			children = (
				FAC61FB11BD2AD9900FD973C /* ReactiveCocoa.framework */,
				FAC61FB21BD2AD9900FD973C /* ReactiveCocoa.framework.dSYM */,
				FAC61FB31BD2AD9900FD973C /* Result.framework */,
				FAC61FB41BD2AD9900FD973C /* Result.framework.dSYM */,
			);
			name = Carthage;
			path = Carthage/Build/iOS;
			sourceTree = SOURCE_ROOT;
		};
		FAC61FBB1BD2B36B00FD973C /* Data */ = {
			isa = PBXGroup;
			children = (
				FAC61FBF1BD2B3D900FD973C /* Jotts.xcdatamodeld */,
				FAC61FDD1BD2B66D00FD973C /* Generated */,
				FAC61FDA1BD2B65C00FD973C /* ObjectCore.swift */,
				FAC61FC31BD2B42E00FD973C /* Card.swift */,
				FAC61FC51BD2B42E00FD973C /* Classroom.swift */,
				FAC61FC71BD2B42E00FD973C /* Deck.swift */,
				FAC61FC91BD2B42E00FD973C /* Schedule.swift */,
				FAC61FCB1BD2B42E00FD973C /* Assignment.swift */,
				FAC61FCD1BD2B42E00FD973C /* Session.swift */,
				FAA5E8241BD9CE3A004DE3FC /* NSManagedObject+Validate.swift */,
			);
			path = Data;
			sourceTree = "<group>";
		};
		FAC61FDD1BD2B66D00FD973C /* Generated */ = {
			isa = PBXGroup;
			children = (
				FAC61FC21BD2B42E00FD973C /* Card+CoreDataProperties.swift */,
				FAC61FC41BD2B42E00FD973C /* Classroom+CoreDataProperties.swift */,
				FAC61FC61BD2B42E00FD973C /* Deck+CoreDataProperties.swift */,
				FAC61FC81BD2B42E00FD973C /* Schedule+CoreDataProperties.swift */,
				FAC61FCA1BD2B42E00FD973C /* Assignment+CoreDataProperties.swift */,
				FAC61FCC1BD2B42E00FD973C /* Session+CoreDataProperties.swift */,
			);
			path = Generated;
			sourceTree = "<group>";
		};
/* End PBXGroup section */

/* Begin PBXNativeTarget section */
		FA6545B01BDC49A70099B1FD /* Watch */ = {
			isa = PBXNativeTarget;
			buildConfigurationList = FA6545D81BDC49A70099B1FD /* Build configuration list for PBXNativeTarget "Watch" */;
			buildPhases = (
				FA6545AF1BDC49A70099B1FD /* Resources */,
				FA6545D71BDC49A70099B1FD /* Embed App Extensions */,
			);
			buildRules = (
			);
			dependencies = (
				FA6545C01BDC49A70099B1FD /* PBXTargetDependency */,
			);
			name = Watch;
			productName = Watch;
			productReference = FA6545B11BDC49A70099B1FD /* Watch.app */;
			productType = "com.apple.product-type.application.watchapp2";
		};
		FA6545BC1BDC49A70099B1FD /* Watch Complication */ = {
			isa = PBXNativeTarget;
			buildConfigurationList = FA6545D41BDC49A70099B1FD /* Build configuration list for PBXNativeTarget "Watch Complication" */;
			buildPhases = (
				FA6545B91BDC49A70099B1FD /* Sources */,
				FA6545BA1BDC49A70099B1FD /* Frameworks */,
				FA6545BB1BDC49A70099B1FD /* Resources */,
			);
			buildRules = (
			);
			dependencies = (
			);
			name = "Watch Complication";
			productName = "Watch Extension";
			productReference = FA6545BD1BDC49A70099B1FD /* Watch Complication.appex */;
			productType = "com.apple.product-type.watchkit2-extension";
		};
		FA6545DF1BDC4B6F0099B1FD /* Today */ = {
			isa = PBXNativeTarget;
			buildConfigurationList = FA6545EE1BDC4B700099B1FD /* Build configuration list for PBXNativeTarget "Today" */;
			buildPhases = (
				FA6545DC1BDC4B6F0099B1FD /* Sources */,
				FA6545DD1BDC4B6F0099B1FD /* Frameworks */,
				FA6545DE1BDC4B6F0099B1FD /* Resources */,
			);
			buildRules = (
			);
			dependencies = (
			);
			name = Today;
			productName = Today;
			productReference = FA6545E01BDC4B6F0099B1FD /* Today.appex */;
			productType = "com.apple.product-type.app-extension";
		};
		FAAFE74E1BD2A7AC0002B5A4 /* Jotts */ = {
			isa = PBXNativeTarget;
			buildConfigurationList = FAAFE77C1BD2A7AC0002B5A4 /* Build configuration list for PBXNativeTarget "Jotts" */;
			buildPhases = (
				FAAFE74B1BD2A7AC0002B5A4 /* Sources */,
				FAAFE74C1BD2A7AC0002B5A4 /* Frameworks */,
				FAAFE74D1BD2A7AC0002B5A4 /* Resources */,
				FAC61FB71BD2ADC300FD973C /* Copy Carthage Frameworks */,
				FAC61FB81BD2AE1200FD973C /* Copy Carthage dSYMs */,
				FA6545DB1BDC49A70099B1FD /* Embed Watch Content */,
				FA6545F11BDC4B700099B1FD /* Embed App Extensions */,
			);
			buildRules = (
			);
			dependencies = (
				FA6545D21BDC49A70099B1FD /* PBXTargetDependency */,
				FA6545EC1BDC4B6F0099B1FD /* PBXTargetDependency */,
			);
			name = Jotts;
			productName = Jotts;
			productReference = FAAFE74F1BD2A7AC0002B5A4 /* Jotts.app */;
			productType = "com.apple.product-type.application";
		};
		FAAFE7671BD2A7AC0002B5A4 /* JottsTests */ = {
			isa = PBXNativeTarget;
			buildConfigurationList = FAAFE77F1BD2A7AC0002B5A4 /* Build configuration list for PBXNativeTarget "JottsTests" */;
			buildPhases = (
				FAAFE7641BD2A7AC0002B5A4 /* Sources */,
				FAAFE7651BD2A7AC0002B5A4 /* Frameworks */,
				FAAFE7661BD2A7AC0002B5A4 /* Resources */,
			);
			buildRules = (
			);
			dependencies = (
				FAAFE76A1BD2A7AC0002B5A4 /* PBXTargetDependency */,
			);
			name = JottsTests;
			productName = JottsTests;
			productReference = FAAFE7681BD2A7AC0002B5A4 /* JottsTests.xctest */;
			productType = "com.apple.product-type.bundle.unit-test";
		};
/* End PBXNativeTarget section */

/* Begin PBXProject section */
		FAAFE7471BD2A7AC0002B5A4 /* Project object */ = {
			isa = PBXProject;
			attributes = {
				LastSwiftUpdateCheck = 0710;
				LastUpgradeCheck = 0820;
				ORGANIZATIONNAME = "Hank Brekke";
				TargetAttributes = {
					FA6545B01BDC49A70099B1FD = {
						CreatedOnToolsVersion = 7.1;
						DevelopmentTeam = 8984CRB38G;
						LastSwiftMigration = 0820;
					};
					FA6545BC1BDC49A70099B1FD = {
						CreatedOnToolsVersion = 7.1;
						DevelopmentTeam = 8984CRB38G;
						LastSwiftMigration = 0820;
					};
					FA6545DF1BDC4B6F0099B1FD = {
						CreatedOnToolsVersion = 7.1;
						DevelopmentTeam = 8984CRB38G;
						LastSwiftMigration = 0820;
					};
					FAAFE74E1BD2A7AC0002B5A4 = {
						CreatedOnToolsVersion = 7.0.1;
						DevelopmentTeam = 8984CRB38G;
						LastSwiftMigration = 0820;
					};
					FAAFE7671BD2A7AC0002B5A4 = {
						CreatedOnToolsVersion = 7.0.1;
						LastSwiftMigration = 0820;
						TestTargetID = FAAFE74E1BD2A7AC0002B5A4;
					};
				};
			};
			buildConfigurationList = FAAFE74A1BD2A7AC0002B5A4 /* Build configuration list for PBXProject "Jotts" */;
			compatibilityVersion = "Xcode 3.2";
			developmentRegion = English;
			hasScannedForEncodings = 0;
			knownRegions = (
				en,
				Base,
			);
			mainGroup = FAAFE7461BD2A7AC0002B5A4;
			productRefGroup = FAAFE7501BD2A7AC0002B5A4 /* Products */;
			projectDirPath = "";
			projectRoot = "";
			targets = (
				FAAFE74E1BD2A7AC0002B5A4 /* Jotts */,
				FAAFE7671BD2A7AC0002B5A4 /* JottsTests */,
				FA6545DF1BDC4B6F0099B1FD /* Today */,
				FA6545B01BDC49A70099B1FD /* Watch */,
				FA6545BC1BDC49A70099B1FD /* Watch Complication */,
			);
		};
/* End PBXProject section */

/* Begin PBXResourcesBuildPhase section */
		FA6545AF1BDC49A70099B1FD /* Resources */ = {
			isa = PBXResourcesBuildPhase;
			buildActionMask = 2147483647;
			files = (
				FA6545B71BDC49A70099B1FD /* Assets.xcassets in Resources */,
				FA6545B51BDC49A70099B1FD /* Interface.storyboard in Resources */,
			);
			runOnlyForDeploymentPostprocessing = 0;
		};
		FA6545BB1BDC49A70099B1FD /* Resources */ = {
			isa = PBXResourcesBuildPhase;
			buildActionMask = 2147483647;
			files = (
				FA6545CF1BDC49A70099B1FD /* Assets.xcassets in Resources */,
			);
			runOnlyForDeploymentPostprocessing = 0;
		};
		FA6545DE1BDC4B6F0099B1FD /* Resources */ = {
			isa = PBXResourcesBuildPhase;
			buildActionMask = 2147483647;
			files = (
				FA6545E91BDC4B6F0099B1FD /* MainInterface.storyboard in Resources */,
			);
			runOnlyForDeploymentPostprocessing = 0;
		};
		FAAFE74D1BD2A7AC0002B5A4 /* Resources */ = {
			isa = PBXResourcesBuildPhase;
			buildActionMask = 2147483647;
			files = (
				FA8537671BD2A8FA006C9FD3 /* Main.storyboard in Resources */,
				FA850D841C250E8E004F4CC4 /* Localizable.strings in Resources */,
				FA8537681BD2A8FA006C9FD3 /* LaunchScreen.storyboard in Resources */,
				FAAFE75F1BD2A7AC0002B5A4 /* Assets.xcassets in Resources */,
			);
			runOnlyForDeploymentPostprocessing = 0;
		};
		FAAFE7661BD2A7AC0002B5A4 /* Resources */ = {
			isa = PBXResourcesBuildPhase;
			buildActionMask = 2147483647;
			files = (
			);
			runOnlyForDeploymentPostprocessing = 0;
		};
/* End PBXResourcesBuildPhase section */

/* Begin PBXShellScriptBuildPhase section */
		FAC61FB71BD2ADC300FD973C /* Copy Carthage Frameworks */ = {
			isa = PBXShellScriptBuildPhase;
			buildActionMask = 2147483647;
			files = (
			);
			inputPaths = (
				"$(SRCROOT)/Carthage/Build/iOS/Result.framework",
				"$(SRCROOT)/Carthage/Build/iOS/ReactiveCocoa.framework",
				"$(SRCROOT)/Carthage/Build/iOS/ReactiveSwift.framework",
			);
			name = "Copy Carthage Frameworks";
			outputPaths = (
			);
			runOnlyForDeploymentPostprocessing = 0;
			shellPath = /bin/sh;
			shellScript = "/usr/local/bin/carthage copy-frameworks";
		};
/* End PBXShellScriptBuildPhase section */

/* Begin PBXSourcesBuildPhase section */
		FA6545B91BDC49A70099B1FD /* Sources */ = {
			isa = PBXSourcesBuildPhase;
			buildActionMask = 2147483647;
			files = (
				FA6545C91BDC49A70099B1FD /* NotificationController.swift in Sources */,
				FA6545C71BDC49A70099B1FD /* ExtensionDelegate.swift in Sources */,
				FA6545CD1BDC49A70099B1FD /* ComplicationController.swift in Sources */,
				FA6545C51BDC49A70099B1FD /* InterfaceController.swift in Sources */,
				FA6545CB1BDC49A70099B1FD /* GlanceController.swift in Sources */,
			);
			runOnlyForDeploymentPostprocessing = 0;
		};
		FA6545DC1BDC4B6F0099B1FD /* Sources */ = {
			isa = PBXSourcesBuildPhase;
			buildActionMask = 2147483647;
			files = (
				FA6545E61BDC4B6F0099B1FD /* TodayViewController.swift in Sources */,
			);
			runOnlyForDeploymentPostprocessing = 0;
		};
		FAAFE74B1BD2A7AC0002B5A4 /* Sources */ = {
			isa = PBXSourcesBuildPhase;
			buildActionMask = 2147483647;
			files = (
				FAC61FE31BD2F5F100FD973C /* MainSplitController.swift in Sources */,
				FA55702D1BD300EF00546019 /* ClassroomController.swift in Sources */,
				FAAFE7531BD2A7AC0002B5A4 /* AppDelegate.swift in Sources */,
				FAC61FCF1BD2B42E00FD973C /* Card.swift in Sources */,
				FAC61FD31BD2B42E00FD973C /* Deck.swift in Sources */,
				FAC61FD81BD2B42E00FD973C /* Session+CoreDataProperties.swift in Sources */,
				FAC61FCE1BD2B42E00FD973C /* Card+CoreDataProperties.swift in Sources */,
				FAC61FD01BD2B42E00FD973C /* Classroom+CoreDataProperties.swift in Sources */,
				FAC61FD51BD2B42E00FD973C /* Schedule.swift in Sources */,
				FAC61FDB1BD2B65C00FD973C /* ObjectCore.swift in Sources */,
				FAC61FD11BD2B42E00FD973C /* Classroom.swift in Sources */,
				FAC61FD71BD2B42E00FD973C /* Assignment.swift in Sources */,
				FA1111731C1BD66A0000DE87 /* BaseViewModel.swift in Sources */,
				FAA5E8251BD9CE3A004DE3FC /* NSManagedObject+Validate.swift in Sources */,
				FAC61FD41BD2B42E00FD973C /* Schedule+CoreDataProperties.swift in Sources */,
				FAC61FC11BD2B3D900FD973C /* Jotts.xcdatamodeld in Sources */,
				FAC61FE11BD2F4CF00FD973C /* MyClassesController.swift in Sources */,
				FAC61FD91BD2B42E00FD973C /* Session.swift in Sources */,
				FAA5E8791BDBDB64004DE3FC /* ClassMetaController.swift in Sources */,
				FAC61FD21BD2B42E00FD973C /* Deck+CoreDataProperties.swift in Sources */,
				FAC61FD61BD2B42E00FD973C /* Assignment+CoreDataProperties.swift in Sources */,
				5C5182CC0DF9EC42A653BE60 /* UIColor+FromHex.swift in Sources */,
			);
			runOnlyForDeploymentPostprocessing = 0;
		};
		FAAFE7641BD2A7AC0002B5A4 /* Sources */ = {
			isa = PBXSourcesBuildPhase;
			buildActionMask = 2147483647;
			files = (
				FAC61FDF1BD2BBE100FD973C /* DataTests.swift in Sources */,
			);
			runOnlyForDeploymentPostprocessing = 0;
		};
/* End PBXSourcesBuildPhase section */

/* Begin PBXTargetDependency section */
		FA6545C01BDC49A70099B1FD /* PBXTargetDependency */ = {
			isa = PBXTargetDependency;
			target = FA6545BC1BDC49A70099B1FD /* Watch Complication */;
			targetProxy = FA6545BF1BDC49A70099B1FD /* PBXContainerItemProxy */;
		};
		FA6545D21BDC49A70099B1FD /* PBXTargetDependency */ = {
			isa = PBXTargetDependency;
			target = FA6545B01BDC49A70099B1FD /* Watch */;
			targetProxy = FA6545D11BDC49A70099B1FD /* PBXContainerItemProxy */;
		};
		FA6545EC1BDC4B6F0099B1FD /* PBXTargetDependency */ = {
			isa = PBXTargetDependency;
			target = FA6545DF1BDC4B6F0099B1FD /* Today */;
			targetProxy = FA6545EB1BDC4B6F0099B1FD /* PBXContainerItemProxy */;
		};
		FAAFE76A1BD2A7AC0002B5A4 /* PBXTargetDependency */ = {
			isa = PBXTargetDependency;
			target = FAAFE74E1BD2A7AC0002B5A4 /* Jotts */;
			targetProxy = FAAFE7691BD2A7AC0002B5A4 /* PBXContainerItemProxy */;
		};
/* End PBXTargetDependency section */

/* Begin PBXVariantGroup section */
		FA6545B31BDC49A70099B1FD /* Interface.storyboard */ = {
			isa = PBXVariantGroup;
			children = (
				FA6545B41BDC49A70099B1FD /* Base */,
			);
			name = Interface.storyboard;
			sourceTree = "<group>";
		};
		FA6545E71BDC4B6F0099B1FD /* MainInterface.storyboard */ = {
			isa = PBXVariantGroup;
			children = (
				FA6545E81BDC4B6F0099B1FD /* Base */,
			);
			name = MainInterface.storyboard;
			sourceTree = "<group>";
		};
		FA850D861C250E8E004F4CC4 /* Localizable.strings */ = {
			isa = PBXVariantGroup;
			children = (
				FA850D851C250E8E004F4CC4 /* Base */,
			);
			name = Localizable.strings;
			sourceTree = "<group>";
		};
		FAAFE75B1BD2A7AC0002B5A4 /* Main.storyboard */ = {
			isa = PBXVariantGroup;
			children = (
				FAAFE75C1BD2A7AC0002B5A4 /* Base */,
			);
			name = Main.storyboard;
			sourceTree = "<group>";
		};
		FAAFE7601BD2A7AC0002B5A4 /* LaunchScreen.storyboard */ = {
			isa = PBXVariantGroup;
			children = (
				FAAFE7611BD2A7AC0002B5A4 /* Base */,
			);
			name = LaunchScreen.storyboard;
			sourceTree = "<group>";
		};
/* End PBXVariantGroup section */

/* Begin XCBuildConfiguration section */
		FA6545D51BDC49A70099B1FD /* Debug */ = {
			isa = XCBuildConfiguration;
			buildSettings = {
				ASSETCATALOG_COMPILER_COMPLICATION_NAME = Complication;
				CODE_SIGN_IDENTITY = "iPhone Developer";
				"CODE_SIGN_IDENTITY[sdk=watchos*]" = "iPhone Developer";
				INFOPLIST_FILE = "Watch Extension/Info.plist";
				LD_RUNPATH_SEARCH_PATHS = "$(inherited) @executable_path/Frameworks @executable_path/../../Frameworks";
				PRODUCT_BUNDLE_IDENTIFIER = io.hnryjms.Jotts.Watch.Face;
				PRODUCT_NAME = "${TARGET_NAME}";
				PROVISIONING_PROFILE = "";
				SDKROOT = watchos;
				SKIP_INSTALL = YES;
				SWIFT_VERSION = 3.0;
				TARGETED_DEVICE_FAMILY = 4;
				WATCHOS_DEPLOYMENT_TARGET = 2.0;
			};
			name = Debug;
		};
		FA6545D61BDC49A70099B1FD /* Release */ = {
			isa = XCBuildConfiguration;
			buildSettings = {
				ASSETCATALOG_COMPILER_COMPLICATION_NAME = Complication;
				CODE_SIGN_IDENTITY = "iPhone Developer";
				"CODE_SIGN_IDENTITY[sdk=watchos*]" = "iPhone Developer";
				INFOPLIST_FILE = "Watch Extension/Info.plist";
				LD_RUNPATH_SEARCH_PATHS = "$(inherited) @executable_path/Frameworks @executable_path/../../Frameworks";
				PRODUCT_BUNDLE_IDENTIFIER = io.hnryjms.Jotts.Watch.Face;
				PRODUCT_NAME = "${TARGET_NAME}";
				PROVISIONING_PROFILE = "";
				SDKROOT = watchos;
				SKIP_INSTALL = YES;
				SWIFT_VERSION = 3.0;
				TARGETED_DEVICE_FAMILY = 4;
				WATCHOS_DEPLOYMENT_TARGET = 2.0;
			};
			name = Release;
		};
		FA6545D91BDC49A70099B1FD /* Debug */ = {
			isa = XCBuildConfiguration;
			buildSettings = {
				ALWAYS_EMBED_SWIFT_STANDARD_LIBRARIES = YES;
				ASSETCATALOG_COMPILER_APPICON_NAME = AppIcon;
				CODE_SIGN_IDENTITY = "iPhone Developer";
				"CODE_SIGN_IDENTITY[sdk=iphoneos*]" = "iPhone Developer";
				IBSC_MODULE = Watch_Extension;
				INFOPLIST_FILE = Watch/Info.plist;
				PRODUCT_BUNDLE_IDENTIFIER = io.hnryjms.Jotts.Watch;
				PRODUCT_NAME = "$(TARGET_NAME)";
				SDKROOT = watchos;
				SKIP_INSTALL = YES;
				SWIFT_VERSION = 3.0;
				TARGETED_DEVICE_FAMILY = 4;
				WATCHOS_DEPLOYMENT_TARGET = 2.0;
			};
			name = Debug;
		};
		FA6545DA1BDC49A70099B1FD /* Release */ = {
			isa = XCBuildConfiguration;
			buildSettings = {
				ALWAYS_EMBED_SWIFT_STANDARD_LIBRARIES = YES;
				ASSETCATALOG_COMPILER_APPICON_NAME = AppIcon;
				CODE_SIGN_IDENTITY = "iPhone Developer";
				"CODE_SIGN_IDENTITY[sdk=iphoneos*]" = "iPhone Developer";
				IBSC_MODULE = Watch_Extension;
				INFOPLIST_FILE = Watch/Info.plist;
				PRODUCT_BUNDLE_IDENTIFIER = io.hnryjms.Jotts.Watch;
				PRODUCT_NAME = "$(TARGET_NAME)";
				SDKROOT = watchos;
				SKIP_INSTALL = YES;
				SWIFT_VERSION = 3.0;
				TARGETED_DEVICE_FAMILY = 4;
				WATCHOS_DEPLOYMENT_TARGET = 2.0;
			};
			name = Release;
		};
		FA6545EF1BDC4B700099B1FD /* Debug */ = {
			isa = XCBuildConfiguration;
			buildSettings = {
				CODE_SIGN_IDENTITY = "iPhone Developer";
				"CODE_SIGN_IDENTITY[sdk=iphoneos*]" = "iPhone Developer";
				INFOPLIST_FILE = Today/Info.plist;
				IPHONEOS_DEPLOYMENT_TARGET = 9.1;
				LD_RUNPATH_SEARCH_PATHS = "$(inherited) @executable_path/Frameworks @executable_path/../../Frameworks";
				PRODUCT_BUNDLE_IDENTIFIER = io.hnryjms.Jotts.Today;
				PRODUCT_NAME = "$(TARGET_NAME)";
				SKIP_INSTALL = YES;
				SWIFT_VERSION = 3.0;
			};
			name = Debug;
		};
		FA6545F01BDC4B700099B1FD /* Release */ = {
			isa = XCBuildConfiguration;
			buildSettings = {
				CODE_SIGN_IDENTITY = "iPhone Developer";
				"CODE_SIGN_IDENTITY[sdk=iphoneos*]" = "iPhone Developer";
				INFOPLIST_FILE = Today/Info.plist;
				IPHONEOS_DEPLOYMENT_TARGET = 9.1;
				LD_RUNPATH_SEARCH_PATHS = "$(inherited) @executable_path/Frameworks @executable_path/../../Frameworks";
				PRODUCT_BUNDLE_IDENTIFIER = io.hnryjms.Jotts.Today;
				PRODUCT_NAME = "$(TARGET_NAME)";
				SKIP_INSTALL = YES;
				SWIFT_VERSION = 3.0;
			};
			name = Release;
		};
		FAAFE77A1BD2A7AC0002B5A4 /* Debug */ = {
			isa = XCBuildConfiguration;
			buildSettings = {
				ALWAYS_SEARCH_USER_PATHS = NO;
				CLANG_CXX_LANGUAGE_STANDARD = "gnu++0x";
				CLANG_CXX_LIBRARY = "libc++";
				CLANG_ENABLE_MODULES = YES;
				CLANG_ENABLE_OBJC_ARC = YES;
				CLANG_WARN_BOOL_CONVERSION = YES;
				CLANG_WARN_CONSTANT_CONVERSION = YES;
				CLANG_WARN_DIRECT_OBJC_ISA_USAGE = YES_ERROR;
				CLANG_WARN_EMPTY_BODY = YES;
				CLANG_WARN_ENUM_CONVERSION = YES;
				CLANG_WARN_INFINITE_RECURSION = YES;
				CLANG_WARN_INT_CONVERSION = YES;
				CLANG_WARN_OBJC_ROOT_CLASS = YES_ERROR;
				CLANG_WARN_SUSPICIOUS_MOVE = YES;
				CLANG_WARN_UNREACHABLE_CODE = YES;
				CLANG_WARN__DUPLICATE_METHOD_MATCH = YES;
				"CODE_SIGN_IDENTITY[sdk=iphoneos*]" = "iPhone Developer";
				COPY_PHASE_STRIP = NO;
				DEBUG_INFORMATION_FORMAT = dwarf;
				ENABLE_STRICT_OBJC_MSGSEND = YES;
				ENABLE_TESTABILITY = YES;
				GCC_C_LANGUAGE_STANDARD = gnu99;
				GCC_DYNAMIC_NO_PIC = NO;
				GCC_NO_COMMON_BLOCKS = YES;
				GCC_OPTIMIZATION_LEVEL = 0;
				GCC_PREPROCESSOR_DEFINITIONS = (
					"DEBUG=1",
					"$(inherited)",
				);
				GCC_WARN_64_TO_32_BIT_CONVERSION = YES;
				GCC_WARN_ABOUT_RETURN_TYPE = YES_ERROR;
				GCC_WARN_UNDECLARED_SELECTOR = YES;
				GCC_WARN_UNINITIALIZED_AUTOS = YES_AGGRESSIVE;
				GCC_WARN_UNUSED_FUNCTION = YES;
				GCC_WARN_UNUSED_VARIABLE = YES;
				IPHONEOS_DEPLOYMENT_TARGET = 9.0;
				MTL_ENABLE_DEBUG_INFO = YES;
				ONLY_ACTIVE_ARCH = YES;
				SDKROOT = iphoneos;
				SWIFT_OPTIMIZATION_LEVEL = "-Onone";
				TARGETED_DEVICE_FAMILY = "1,2";
			};
			name = Debug;
		};
		FAAFE77B1BD2A7AC0002B5A4 /* Release */ = {
			isa = XCBuildConfiguration;
			buildSettings = {
				ALWAYS_SEARCH_USER_PATHS = NO;
				CLANG_CXX_LANGUAGE_STANDARD = "gnu++0x";
				CLANG_CXX_LIBRARY = "libc++";
				CLANG_ENABLE_MODULES = YES;
				CLANG_ENABLE_OBJC_ARC = YES;
				CLANG_WARN_BOOL_CONVERSION = YES;
				CLANG_WARN_CONSTANT_CONVERSION = YES;
				CLANG_WARN_DIRECT_OBJC_ISA_USAGE = YES_ERROR;
				CLANG_WARN_EMPTY_BODY = YES;
				CLANG_WARN_ENUM_CONVERSION = YES;
				CLANG_WARN_INFINITE_RECURSION = YES;
				CLANG_WARN_INT_CONVERSION = YES;
				CLANG_WARN_OBJC_ROOT_CLASS = YES_ERROR;
				CLANG_WARN_SUSPICIOUS_MOVE = YES;
				CLANG_WARN_UNREACHABLE_CODE = YES;
				CLANG_WARN__DUPLICATE_METHOD_MATCH = YES;
				"CODE_SIGN_IDENTITY[sdk=iphoneos*]" = "iPhone Developer";
				COPY_PHASE_STRIP = NO;
				DEBUG_INFORMATION_FORMAT = "dwarf-with-dsym";
				ENABLE_NS_ASSERTIONS = NO;
				ENABLE_STRICT_OBJC_MSGSEND = YES;
				GCC_C_LANGUAGE_STANDARD = gnu99;
				GCC_NO_COMMON_BLOCKS = YES;
				GCC_WARN_64_TO_32_BIT_CONVERSION = YES;
				GCC_WARN_ABOUT_RETURN_TYPE = YES_ERROR;
				GCC_WARN_UNDECLARED_SELECTOR = YES;
				GCC_WARN_UNINITIALIZED_AUTOS = YES_AGGRESSIVE;
				GCC_WARN_UNUSED_FUNCTION = YES;
				GCC_WARN_UNUSED_VARIABLE = YES;
				IPHONEOS_DEPLOYMENT_TARGET = 9.0;
				MTL_ENABLE_DEBUG_INFO = NO;
				SDKROOT = iphoneos;
				SWIFT_OPTIMIZATION_LEVEL = "-Owholemodule";
				TARGETED_DEVICE_FAMILY = "1,2";
				VALIDATE_PRODUCT = YES;
			};
			name = Release;
		};
		FAAFE77D1BD2A7AC0002B5A4 /* Debug */ = {
			isa = XCBuildConfiguration;
			buildSettings = {
				ALWAYS_EMBED_SWIFT_STANDARD_LIBRARIES = YES;
				ASSETCATALOG_COMPILER_APPICON_NAME = AppIcon;
				CODE_SIGN_IDENTITY = "iPhone Developer";
				"CODE_SIGN_IDENTITY[sdk=iphoneos*]" = "iPhone Developer";
				DEFINES_MODULE = YES;
				FRAMEWORK_SEARCH_PATHS = (
					"$(inherited)",
					"$(PROJECT_DIR)/Carthage/Build/iOS",
				);
				INFOPLIST_FILE = "$(SRCROOT)/Resources/Info.plist";
				LD_RUNPATH_SEARCH_PATHS = "$(inherited) @executable_path/Frameworks";
				PRODUCT_BUNDLE_IDENTIFIER = io.hnryjms.Jotts;
				PRODUCT_NAME = "$(TARGET_NAME)";
				PROVISIONING_PROFILE = "";
				SWIFT_VERSION = 3.0;
			};
			name = Debug;
		};
		FAAFE77E1BD2A7AC0002B5A4 /* Release */ = {
			isa = XCBuildConfiguration;
			buildSettings = {
				ALWAYS_EMBED_SWIFT_STANDARD_LIBRARIES = YES;
				ASSETCATALOG_COMPILER_APPICON_NAME = AppIcon;
				CODE_SIGN_IDENTITY = "iPhone Developer";
				"CODE_SIGN_IDENTITY[sdk=iphoneos*]" = "iPhone Developer";
				DEFINES_MODULE = YES;
				FRAMEWORK_SEARCH_PATHS = (
					"$(inherited)",
					"$(PROJECT_DIR)/Carthage/Build/iOS",
				);
				INFOPLIST_FILE = "$(SRCROOT)/Resources/Info.plist";
				LD_RUNPATH_SEARCH_PATHS = "$(inherited) @executable_path/Frameworks";
				PRODUCT_BUNDLE_IDENTIFIER = io.hnryjms.Jotts;
				PRODUCT_NAME = "$(TARGET_NAME)";
				PROVISIONING_PROFILE = "";
				SWIFT_VERSION = 3.0;
			};
			name = Release;
		};
		FAAFE7801BD2A7AC0002B5A4 /* Debug */ = {
			isa = XCBuildConfiguration;
			buildSettings = {
				BUNDLE_LOADER = "$(TEST_HOST)";
				FRAMEWORK_SEARCH_PATHS = "$(SRCROOT)/Carthage/Build/iOS";
				INFOPLIST_FILE = JottsTests/Info.plist;
				LD_RUNPATH_SEARCH_PATHS = "$(inherited) @executable_path/Frameworks @loader_path/Frameworks";
				PRODUCT_BUNDLE_IDENTIFIER = io.hnryjms.JottsTests;
				PRODUCT_NAME = "$(TARGET_NAME)";
				SWIFT_VERSION = 3.0;
				TEST_HOST = "$(BUILT_PRODUCTS_DIR)/Jotts.app/Jotts";
			};
			name = Debug;
		};
		FAAFE7811BD2A7AC0002B5A4 /* Release */ = {
			isa = XCBuildConfiguration;
			buildSettings = {
				BUNDLE_LOADER = "$(TEST_HOST)";
				FRAMEWORK_SEARCH_PATHS = "$(SRCROOT)/Carthage/Build/iOS";
				INFOPLIST_FILE = JottsTests/Info.plist;
				LD_RUNPATH_SEARCH_PATHS = "$(inherited) @executable_path/Frameworks @loader_path/Frameworks";
				PRODUCT_BUNDLE_IDENTIFIER = io.hnryjms.JottsTests;
				PRODUCT_NAME = "$(TARGET_NAME)";
				SWIFT_VERSION = 3.0;
				TEST_HOST = "$(BUILT_PRODUCTS_DIR)/Jotts.app/Jotts";
			};
			name = Release;
		};
/* End XCBuildConfiguration section */

/* Begin XCConfigurationList section */
		FA6545D41BDC49A70099B1FD /* Build configuration list for PBXNativeTarget "Watch Complication" */ = {
			isa = XCConfigurationList;
			buildConfigurations = (
				FA6545D51BDC49A70099B1FD /* Debug */,
				FA6545D61BDC49A70099B1FD /* Release */,
			);
			defaultConfigurationIsVisible = 0;
			defaultConfigurationName = Release;
		};
		FA6545D81BDC49A70099B1FD /* Build configuration list for PBXNativeTarget "Watch" */ = {
			isa = XCConfigurationList;
			buildConfigurations = (
				FA6545D91BDC49A70099B1FD /* Debug */,
				FA6545DA1BDC49A70099B1FD /* Release */,
			);
			defaultConfigurationIsVisible = 0;
			defaultConfigurationName = Release;
		};
		FA6545EE1BDC4B700099B1FD /* Build configuration list for PBXNativeTarget "Today" */ = {
			isa = XCConfigurationList;
			buildConfigurations = (
				FA6545EF1BDC4B700099B1FD /* Debug */,
				FA6545F01BDC4B700099B1FD /* Release */,
			);
			defaultConfigurationIsVisible = 0;
			defaultConfigurationName = Release;
		};
		FAAFE74A1BD2A7AC0002B5A4 /* Build configuration list for PBXProject "Jotts" */ = {
			isa = XCConfigurationList;
			buildConfigurations = (
				FAAFE77A1BD2A7AC0002B5A4 /* Debug */,
				FAAFE77B1BD2A7AC0002B5A4 /* Release */,
			);
			defaultConfigurationIsVisible = 0;
			defaultConfigurationName = Release;
		};
		FAAFE77C1BD2A7AC0002B5A4 /* Build configuration list for PBXNativeTarget "Jotts" */ = {
			isa = XCConfigurationList;
			buildConfigurations = (
				FAAFE77D1BD2A7AC0002B5A4 /* Debug */,
				FAAFE77E1BD2A7AC0002B5A4 /* Release */,
			);
			defaultConfigurationIsVisible = 0;
			defaultConfigurationName = Release;
		};
		FAAFE77F1BD2A7AC0002B5A4 /* Build configuration list for PBXNativeTarget "JottsTests" */ = {
			isa = XCConfigurationList;
			buildConfigurations = (
				FAAFE7801BD2A7AC0002B5A4 /* Debug */,
				FAAFE7811BD2A7AC0002B5A4 /* Release */,
			);
			defaultConfigurationIsVisible = 0;
			defaultConfigurationName = Release;
		};
/* End XCConfigurationList section */

/* Begin XCVersionGroup section */
		FAC61FBF1BD2B3D900FD973C /* Jotts.xcdatamodeld */ = {
			isa = XCVersionGroup;
			children = (
				FAC61FC01BD2B3D900FD973C /* Jotts.xcdatamodel */,
			);
			currentVersion = FAC61FC01BD2B3D900FD973C /* Jotts.xcdatamodel */;
			path = Jotts.xcdatamodeld;
			sourceTree = "<group>";
			versionGroupType = wrapper.xcdatamodel;
		};
/* End XCVersionGroup section */
	};
	rootObject = FAAFE7471BD2A7AC0002B5A4 /* Project object */;
}
